// !$*UTF8*$!
{
	archiveVersion = 1;
	classes = {
	};
	objectVersion = 50;
	objects = {

/* Begin PBXBuildFile section */
		013A21CD2088F4EB00C77316 /* AppDelegate.m in Sources */ = {isa = PBXBuildFile; fileRef = 013A21CC2088F4EB00C77316 /* AppDelegate.m */; };
		013A21D52088F4EC00C77316 /* Assets.xcassets in Resources */ = {isa = PBXBuildFile; fileRef = 013A21D42088F4EC00C77316 /* Assets.xcassets */; };
		013A21D82088F4EC00C77316 /* LaunchScreen.storyboard in Resources */ = {isa = PBXBuildFile; fileRef = 013A21D62088F4EC00C77316 /* LaunchScreen.storyboard */; };
		013A21DB2088F4EC00C77316 /* main.m in Sources */ = {isa = PBXBuildFile; fileRef = 013A21DA2088F4EC00C77316 /* main.m */; };
		013A21E52088F4EC00C77316 /* MVXPatternDemoTests.m in Sources */ = {isa = PBXBuildFile; fileRef = 013A21E42088F4EC00C77316 /* MVXPatternDemoTests.m */; };
		013A21F02088F4EC00C77316 /* MVXPatternDemoUITests.m in Sources */ = {isa = PBXBuildFile; fileRef = 013A21EF2088F4EC00C77316 /* MVXPatternDemoUITests.m */; };
		013A22022088F55100C77316 /* DORootVC.m in Sources */ = {isa = PBXBuildFile; fileRef = 013A22012088F55100C77316 /* DORootVC.m */; };
		013A220B2088F66300C77316 /* AppDelegate.m in Sources */ = {isa = PBXBuildFile; fileRef = 013A220A2088F66300C77316 /* AppDelegate.m */; };
		013A22132088F66400C77316 /* Assets.xcassets in Resources */ = {isa = PBXBuildFile; fileRef = 013A22122088F66400C77316 /* Assets.xcassets */; };
		013A22162088F66400C77316 /* LaunchScreen.storyboard in Resources */ = {isa = PBXBuildFile; fileRef = 013A22142088F66400C77316 /* LaunchScreen.storyboard */; };
		013A22192088F66400C77316 /* main.m in Sources */ = {isa = PBXBuildFile; fileRef = 013A22182088F66400C77316 /* main.m */; };
		013A22232088F66400C77316 /* MVCDemoTests.m in Sources */ = {isa = PBXBuildFile; fileRef = 013A22222088F66400C77316 /* MVCDemoTests.m */; };
		013A222E2088F66400C77316 /* MVCDemoUITests.m in Sources */ = {isa = PBXBuildFile; fileRef = 013A222D2088F66400C77316 /* MVCDemoUITests.m */; };
		013A223E2088F6A300C77316 /* DORootVC.m in Sources */ = {isa = PBXBuildFile; fileRef = 013A223D2088F6A300C77316 /* DORootVC.m */; };
		013A22472088F72400C77316 /* AppDelegate.m in Sources */ = {isa = PBXBuildFile; fileRef = 013A22462088F72400C77316 /* AppDelegate.m */; };
		013A224F2088F72400C77316 /* Assets.xcassets in Resources */ = {isa = PBXBuildFile; fileRef = 013A224E2088F72400C77316 /* Assets.xcassets */; };
		013A22522088F72400C77316 /* LaunchScreen.storyboard in Resources */ = {isa = PBXBuildFile; fileRef = 013A22502088F72400C77316 /* LaunchScreen.storyboard */; };
		013A22552088F72500C77316 /* main.m in Sources */ = {isa = PBXBuildFile; fileRef = 013A22542088F72500C77316 /* main.m */; };
		013A225F2088F72500C77316 /* MVPDemoTests.m in Sources */ = {isa = PBXBuildFile; fileRef = 013A225E2088F72500C77316 /* MVPDemoTests.m */; };
		013A226A2088F72500C77316 /* MVPDemoUITests.m in Sources */ = {isa = PBXBuildFile; fileRef = 013A22692088F72500C77316 /* MVPDemoUITests.m */; };
		013A227A2088F76700C77316 /* DORootVC.m in Sources */ = {isa = PBXBuildFile; fileRef = 013A22792088F76700C77316 /* DORootVC.m */; };
		013A22832088F7CF00C77316 /* AppDelegate.m in Sources */ = {isa = PBXBuildFile; fileRef = 013A22822088F7CF00C77316 /* AppDelegate.m */; };
		013A228B2088F7CF00C77316 /* Assets.xcassets in Resources */ = {isa = PBXBuildFile; fileRef = 013A228A2088F7CF00C77316 /* Assets.xcassets */; };
		013A228E2088F7CF00C77316 /* LaunchScreen.storyboard in Resources */ = {isa = PBXBuildFile; fileRef = 013A228C2088F7CF00C77316 /* LaunchScreen.storyboard */; };
		013A22912088F7CF00C77316 /* main.m in Sources */ = {isa = PBXBuildFile; fileRef = 013A22902088F7CF00C77316 /* main.m */; };
		013A229B2088F7CF00C77316 /* MVVMDemoTests.m in Sources */ = {isa = PBXBuildFile; fileRef = 013A229A2088F7CF00C77316 /* MVVMDemoTests.m */; };
		013A22A62088F7D000C77316 /* MVVMDemoUITests.m in Sources */ = {isa = PBXBuildFile; fileRef = 013A22A52088F7D000C77316 /* MVVMDemoUITests.m */; };
		013A22B62088F7FB00C77316 /* DORootVC.m in Sources */ = {isa = PBXBuildFile; fileRef = 013A22B52088F7FB00C77316 /* DORootVC.m */; };
		013A22BA2088FB0F00C77316 /* DOCommodity.m in Sources */ = {isa = PBXBuildFile; fileRef = 013A22B92088FB0F00C77316 /* DOCommodity.m */; };
		013A22BE2089008F00C77316 /* DOCommodityCell.m in Sources */ = {isa = PBXBuildFile; fileRef = 013A22BD2089008F00C77316 /* DOCommodityCell.m */; };
		013A22C62089056B00C77316 /* DOCommodity.m in Sources */ = {isa = PBXBuildFile; fileRef = 013A22C52089056B00C77316 /* DOCommodity.m */; };
		013A22CA208905C200C77316 /* DOCommodityPresenter.m in Sources */ = {isa = PBXBuildFile; fileRef = 013A22C9208905C200C77316 /* DOCommodityPresenter.m */; };
		013A22CD2089103400C77316 /* DOCommodityCellMVP.m in Sources */ = {isa = PBXBuildFile; fileRef = 013A22CC2089103400C77316 /* DOCommodityCellMVP.m */; };
		1F912FC66D458CD507DC6E69 /* libPods-MVCDemo.a in Frameworks */ = {isa = PBXBuildFile; fileRef = BCEB87A43E020FF0167292C0 /* libPods-MVCDemo.a */; };
		34E0E041D9AADC203932906B /* libPods-MVPDemo.a in Frameworks */ = {isa = PBXBuildFile; fileRef = C0313F638F768261A6894C85 /* libPods-MVPDemo.a */; };
		A5E4D8532FC953AAC5353FB8 /* libPods-MVVMDemo.a in Frameworks */ = {isa = PBXBuildFile; fileRef = 9A40A44CD48AA18D23D07366 /* libPods-MVVMDemo.a */; };
		E219C348D5D2A670C2480CED /* libPods-MVXPatternDemo.a in Frameworks */ = {isa = PBXBuildFile; fileRef = F1479D27B7DE7678B0190E28 /* libPods-MVXPatternDemo.a */; };
/* End PBXBuildFile section */

/* Begin PBXContainerItemProxy section */
		013A21E12088F4EC00C77316 /* PBXContainerItemProxy */ = {
			isa = PBXContainerItemProxy;
			containerPortal = 013A21C02088F4EB00C77316 /* Project object */;
			proxyType = 1;
			remoteGlobalIDString = 013A21C72088F4EB00C77316;
			remoteInfo = MVXPatternDemo;
		};
		013A21EC2088F4EC00C77316 /* PBXContainerItemProxy */ = {
			isa = PBXContainerItemProxy;
			containerPortal = 013A21C02088F4EB00C77316 /* Project object */;
			proxyType = 1;
			remoteGlobalIDString = 013A21C72088F4EB00C77316;
			remoteInfo = MVXPatternDemo;
		};
		013A221F2088F66400C77316 /* PBXContainerItemProxy */ = {
			isa = PBXContainerItemProxy;
			containerPortal = 013A21C02088F4EB00C77316 /* Project object */;
			proxyType = 1;
			remoteGlobalIDString = 013A22062088F66300C77316;
			remoteInfo = MVCDemo;
		};
		013A222A2088F66400C77316 /* PBXContainerItemProxy */ = {
			isa = PBXContainerItemProxy;
			containerPortal = 013A21C02088F4EB00C77316 /* Project object */;
			proxyType = 1;
			remoteGlobalIDString = 013A22062088F66300C77316;
			remoteInfo = MVCDemo;
		};
		013A225B2088F72500C77316 /* PBXContainerItemProxy */ = {
			isa = PBXContainerItemProxy;
			containerPortal = 013A21C02088F4EB00C77316 /* Project object */;
			proxyType = 1;
			remoteGlobalIDString = 013A22422088F72400C77316;
			remoteInfo = MVPDemo;
		};
		013A22662088F72500C77316 /* PBXContainerItemProxy */ = {
			isa = PBXContainerItemProxy;
			containerPortal = 013A21C02088F4EB00C77316 /* Project object */;
			proxyType = 1;
			remoteGlobalIDString = 013A22422088F72400C77316;
			remoteInfo = MVPDemo;
		};
		013A22972088F7CF00C77316 /* PBXContainerItemProxy */ = {
			isa = PBXContainerItemProxy;
			containerPortal = 013A21C02088F4EB00C77316 /* Project object */;
			proxyType = 1;
			remoteGlobalIDString = 013A227E2088F7CF00C77316;
			remoteInfo = MVVMDemo;
		};
		013A22A22088F7CF00C77316 /* PBXContainerItemProxy */ = {
			isa = PBXContainerItemProxy;
			containerPortal = 013A21C02088F4EB00C77316 /* Project object */;
			proxyType = 1;
			remoteGlobalIDString = 013A227E2088F7CF00C77316;
			remoteInfo = MVVMDemo;
		};
/* End PBXContainerItemProxy section */

/* Begin PBXFileReference section */
		013A21C82088F4EB00C77316 /* MVXPatternDemo.app */ = {isa = PBXFileReference; explicitFileType = wrapper.application; includeInIndex = 0; path = MVXPatternDemo.app; sourceTree = BUILT_PRODUCTS_DIR; };
		013A21CB2088F4EB00C77316 /* AppDelegate.h */ = {isa = PBXFileReference; lastKnownFileType = sourcecode.c.h; path = AppDelegate.h; sourceTree = "<group>"; };
		013A21CC2088F4EB00C77316 /* AppDelegate.m */ = {isa = PBXFileReference; lastKnownFileType = sourcecode.c.objc; path = AppDelegate.m; sourceTree = "<group>"; };
		013A21D42088F4EC00C77316 /* Assets.xcassets */ = {isa = PBXFileReference; lastKnownFileType = folder.assetcatalog; path = Assets.xcassets; sourceTree = "<group>"; };
		013A21D72088F4EC00C77316 /* Base */ = {isa = PBXFileReference; lastKnownFileType = file.storyboard; name = Base; path = Base.lproj/LaunchScreen.storyboard; sourceTree = "<group>"; };
		013A21D92088F4EC00C77316 /* Info.plist */ = {isa = PBXFileReference; lastKnownFileType = text.plist.xml; path = Info.plist; sourceTree = "<group>"; };
		013A21DA2088F4EC00C77316 /* main.m */ = {isa = PBXFileReference; lastKnownFileType = sourcecode.c.objc; path = main.m; sourceTree = "<group>"; };
		013A21E02088F4EC00C77316 /* MVXPatternDemoTests.xctest */ = {isa = PBXFileReference; explicitFileType = wrapper.cfbundle; includeInIndex = 0; path = MVXPatternDemoTests.xctest; sourceTree = BUILT_PRODUCTS_DIR; };
		013A21E42088F4EC00C77316 /* MVXPatternDemoTests.m */ = {isa = PBXFileReference; lastKnownFileType = sourcecode.c.objc; path = MVXPatternDemoTests.m; sourceTree = "<group>"; };
		013A21E62088F4EC00C77316 /* Info.plist */ = {isa = PBXFileReference; lastKnownFileType = text.plist.xml; path = Info.plist; sourceTree = "<group>"; };
		013A21EB2088F4EC00C77316 /* MVXPatternDemoUITests.xctest */ = {isa = PBXFileReference; explicitFileType = wrapper.cfbundle; includeInIndex = 0; path = MVXPatternDemoUITests.xctest; sourceTree = BUILT_PRODUCTS_DIR; };
		013A21EF2088F4EC00C77316 /* MVXPatternDemoUITests.m */ = {isa = PBXFileReference; lastKnownFileType = sourcecode.c.objc; path = MVXPatternDemoUITests.m; sourceTree = "<group>"; };
		013A21F12088F4EC00C77316 /* Info.plist */ = {isa = PBXFileReference; lastKnownFileType = text.plist.xml; path = Info.plist; sourceTree = "<group>"; };
		013A22002088F55100C77316 /* DORootVC.h */ = {isa = PBXFileReference; lastKnownFileType = sourcecode.c.h; path = DORootVC.h; sourceTree = "<group>"; };
		013A22012088F55100C77316 /* DORootVC.m */ = {isa = PBXFileReference; lastKnownFileType = sourcecode.c.objc; path = DORootVC.m; sourceTree = "<group>"; };
		013A22072088F66300C77316 /* MVCDemo.app */ = {isa = PBXFileReference; explicitFileType = wrapper.application; includeInIndex = 0; path = MVCDemo.app; sourceTree = BUILT_PRODUCTS_DIR; };
		013A22092088F66300C77316 /* AppDelegate.h */ = {isa = PBXFileReference; lastKnownFileType = sourcecode.c.h; path = AppDelegate.h; sourceTree = "<group>"; };
		013A220A2088F66300C77316 /* AppDelegate.m */ = {isa = PBXFileReference; lastKnownFileType = sourcecode.c.objc; path = AppDelegate.m; sourceTree = "<group>"; };
		013A22122088F66400C77316 /* Assets.xcassets */ = {isa = PBXFileReference; lastKnownFileType = folder.assetcatalog; path = Assets.xcassets; sourceTree = "<group>"; };
		013A22152088F66400C77316 /* Base */ = {isa = PBXFileReference; lastKnownFileType = file.storyboard; name = Base; path = Base.lproj/LaunchScreen.storyboard; sourceTree = "<group>"; };
		013A22172088F66400C77316 /* Info.plist */ = {isa = PBXFileReference; lastKnownFileType = text.plist.xml; path = Info.plist; sourceTree = "<group>"; };
		013A22182088F66400C77316 /* main.m */ = {isa = PBXFileReference; lastKnownFileType = sourcecode.c.objc; path = main.m; sourceTree = "<group>"; };
		013A221E2088F66400C77316 /* MVCDemoTests.xctest */ = {isa = PBXFileReference; explicitFileType = wrapper.cfbundle; includeInIndex = 0; path = MVCDemoTests.xctest; sourceTree = BUILT_PRODUCTS_DIR; };
		013A22222088F66400C77316 /* MVCDemoTests.m */ = {isa = PBXFileReference; lastKnownFileType = sourcecode.c.objc; path = MVCDemoTests.m; sourceTree = "<group>"; };
		013A22242088F66400C77316 /* Info.plist */ = {isa = PBXFileReference; lastKnownFileType = text.plist.xml; path = Info.plist; sourceTree = "<group>"; };
		013A22292088F66400C77316 /* MVCDemoUITests.xctest */ = {isa = PBXFileReference; explicitFileType = wrapper.cfbundle; includeInIndex = 0; path = MVCDemoUITests.xctest; sourceTree = BUILT_PRODUCTS_DIR; };
		013A222D2088F66400C77316 /* MVCDemoUITests.m */ = {isa = PBXFileReference; lastKnownFileType = sourcecode.c.objc; path = MVCDemoUITests.m; sourceTree = "<group>"; };
		013A222F2088F66400C77316 /* Info.plist */ = {isa = PBXFileReference; lastKnownFileType = text.plist.xml; path = Info.plist; sourceTree = "<group>"; };
		013A223C2088F6A300C77316 /* DORootVC.h */ = {isa = PBXFileReference; lastKnownFileType = sourcecode.c.h; path = DORootVC.h; sourceTree = "<group>"; };
		013A223D2088F6A300C77316 /* DORootVC.m */ = {isa = PBXFileReference; lastKnownFileType = sourcecode.c.objc; path = DORootVC.m; sourceTree = "<group>"; };
		013A22432088F72400C77316 /* MVPDemo.app */ = {isa = PBXFileReference; explicitFileType = wrapper.application; includeInIndex = 0; path = MVPDemo.app; sourceTree = BUILT_PRODUCTS_DIR; };
		013A22452088F72400C77316 /* AppDelegate.h */ = {isa = PBXFileReference; lastKnownFileType = sourcecode.c.h; path = AppDelegate.h; sourceTree = "<group>"; };
		013A22462088F72400C77316 /* AppDelegate.m */ = {isa = PBXFileReference; lastKnownFileType = sourcecode.c.objc; path = AppDelegate.m; sourceTree = "<group>"; };
		013A224E2088F72400C77316 /* Assets.xcassets */ = {isa = PBXFileReference; lastKnownFileType = folder.assetcatalog; path = Assets.xcassets; sourceTree = "<group>"; };
		013A22512088F72400C77316 /* Base */ = {isa = PBXFileReference; lastKnownFileType = file.storyboard; name = Base; path = Base.lproj/LaunchScreen.storyboard; sourceTree = "<group>"; };
		013A22532088F72500C77316 /* Info.plist */ = {isa = PBXFileReference; lastKnownFileType = text.plist.xml; path = Info.plist; sourceTree = "<group>"; };
		013A22542088F72500C77316 /* main.m */ = {isa = PBXFileReference; lastKnownFileType = sourcecode.c.objc; path = main.m; sourceTree = "<group>"; };
		013A225A2088F72500C77316 /* MVPDemoTests.xctest */ = {isa = PBXFileReference; explicitFileType = wrapper.cfbundle; includeInIndex = 0; path = MVPDemoTests.xctest; sourceTree = BUILT_PRODUCTS_DIR; };
		013A225E2088F72500C77316 /* MVPDemoTests.m */ = {isa = PBXFileReference; lastKnownFileType = sourcecode.c.objc; path = MVPDemoTests.m; sourceTree = "<group>"; };
		013A22602088F72500C77316 /* Info.plist */ = {isa = PBXFileReference; lastKnownFileType = text.plist.xml; path = Info.plist; sourceTree = "<group>"; };
		013A22652088F72500C77316 /* MVPDemoUITests.xctest */ = {isa = PBXFileReference; explicitFileType = wrapper.cfbundle; includeInIndex = 0; path = MVPDemoUITests.xctest; sourceTree = BUILT_PRODUCTS_DIR; };
		013A22692088F72500C77316 /* MVPDemoUITests.m */ = {isa = PBXFileReference; lastKnownFileType = sourcecode.c.objc; path = MVPDemoUITests.m; sourceTree = "<group>"; };
		013A226B2088F72500C77316 /* Info.plist */ = {isa = PBXFileReference; lastKnownFileType = text.plist.xml; path = Info.plist; sourceTree = "<group>"; };
		013A22782088F76700C77316 /* DORootVC.h */ = {isa = PBXFileReference; lastKnownFileType = sourcecode.c.h; path = DORootVC.h; sourceTree = "<group>"; };
		013A22792088F76700C77316 /* DORootVC.m */ = {isa = PBXFileReference; lastKnownFileType = sourcecode.c.objc; path = DORootVC.m; sourceTree = "<group>"; };
		013A227F2088F7CF00C77316 /* MVVMDemo.app */ = {isa = PBXFileReference; explicitFileType = wrapper.application; includeInIndex = 0; path = MVVMDemo.app; sourceTree = BUILT_PRODUCTS_DIR; };
		013A22812088F7CF00C77316 /* AppDelegate.h */ = {isa = PBXFileReference; lastKnownFileType = sourcecode.c.h; path = AppDelegate.h; sourceTree = "<group>"; };
		013A22822088F7CF00C77316 /* AppDelegate.m */ = {isa = PBXFileReference; lastKnownFileType = sourcecode.c.objc; path = AppDelegate.m; sourceTree = "<group>"; };
		013A228A2088F7CF00C77316 /* Assets.xcassets */ = {isa = PBXFileReference; lastKnownFileType = folder.assetcatalog; path = Assets.xcassets; sourceTree = "<group>"; };
		013A228D2088F7CF00C77316 /* Base */ = {isa = PBXFileReference; lastKnownFileType = file.storyboard; name = Base; path = Base.lproj/LaunchScreen.storyboard; sourceTree = "<group>"; };
		013A228F2088F7CF00C77316 /* Info.plist */ = {isa = PBXFileReference; lastKnownFileType = text.plist.xml; path = Info.plist; sourceTree = "<group>"; };
		013A22902088F7CF00C77316 /* main.m */ = {isa = PBXFileReference; lastKnownFileType = sourcecode.c.objc; path = main.m; sourceTree = "<group>"; };
		013A22962088F7CF00C77316 /* MVVMDemoTests.xctest */ = {isa = PBXFileReference; explicitFileType = wrapper.cfbundle; includeInIndex = 0; path = MVVMDemoTests.xctest; sourceTree = BUILT_PRODUCTS_DIR; };
		013A229A2088F7CF00C77316 /* MVVMDemoTests.m */ = {isa = PBXFileReference; lastKnownFileType = sourcecode.c.objc; path = MVVMDemoTests.m; sourceTree = "<group>"; };
		013A229C2088F7CF00C77316 /* Info.plist */ = {isa = PBXFileReference; lastKnownFileType = text.plist.xml; path = Info.plist; sourceTree = "<group>"; };
		013A22A12088F7CF00C77316 /* MVVMDemoUITests.xctest */ = {isa = PBXFileReference; explicitFileType = wrapper.cfbundle; includeInIndex = 0; path = MVVMDemoUITests.xctest; sourceTree = BUILT_PRODUCTS_DIR; };
		013A22A52088F7D000C77316 /* MVVMDemoUITests.m */ = {isa = PBXFileReference; lastKnownFileType = sourcecode.c.objc; path = MVVMDemoUITests.m; sourceTree = "<group>"; };
		013A22A72088F7D000C77316 /* Info.plist */ = {isa = PBXFileReference; lastKnownFileType = text.plist.xml; path = Info.plist; sourceTree = "<group>"; };
		013A22B42088F7FB00C77316 /* DORootVC.h */ = {isa = PBXFileReference; lastKnownFileType = sourcecode.c.h; path = DORootVC.h; sourceTree = "<group>"; };
		013A22B52088F7FB00C77316 /* DORootVC.m */ = {isa = PBXFileReference; lastKnownFileType = sourcecode.c.objc; path = DORootVC.m; sourceTree = "<group>"; };
		013A22B82088FB0F00C77316 /* DOCommodity.h */ = {isa = PBXFileReference; lastKnownFileType = sourcecode.c.h; path = DOCommodity.h; sourceTree = "<group>"; };
		013A22B92088FB0F00C77316 /* DOCommodity.m */ = {isa = PBXFileReference; lastKnownFileType = sourcecode.c.objc; path = DOCommodity.m; sourceTree = "<group>"; };
		013A22BC2089008F00C77316 /* DOCommodityCell.h */ = {isa = PBXFileReference; lastKnownFileType = sourcecode.c.h; path = DOCommodityCell.h; sourceTree = "<group>"; };
		013A22BD2089008F00C77316 /* DOCommodityCell.m */ = {isa = PBXFileReference; lastKnownFileType = sourcecode.c.objc; path = DOCommodityCell.m; sourceTree = "<group>"; };
		013A22C42089056B00C77316 /* DOCommodity.h */ = {isa = PBXFileReference; lastKnownFileType = sourcecode.c.h; path = DOCommodity.h; sourceTree = "<group>"; };
		013A22C52089056B00C77316 /* DOCommodity.m */ = {isa = PBXFileReference; lastKnownFileType = sourcecode.c.objc; path = DOCommodity.m; sourceTree = "<group>"; };
		013A22C8208905C200C77316 /* DOCommodityPresenter.h */ = {isa = PBXFileReference; lastKnownFileType = sourcecode.c.h; path = DOCommodityPresenter.h; sourceTree = "<group>"; };
		013A22C9208905C200C77316 /* DOCommodityPresenter.m */ = {isa = PBXFileReference; lastKnownFileType = sourcecode.c.objc; path = DOCommodityPresenter.m; sourceTree = "<group>"; };
		013A22CB2089103400C77316 /* DOCommodityCellMVP.h */ = {isa = PBXFileReference; lastKnownFileType = sourcecode.c.h; path = DOCommodityCellMVP.h; sourceTree = "<group>"; };
		013A22CC2089103400C77316 /* DOCommodityCellMVP.m */ = {isa = PBXFileReference; lastKnownFileType = sourcecode.c.objc; path = DOCommodityCellMVP.m; sourceTree = "<group>"; };
		0982BF7C9B91DD7AB6758C0B /* Pods-MVVMDemo.debug.xcconfig */ = {isa = PBXFileReference; includeInIndex = 1; lastKnownFileType = text.xcconfig; name = "Pods-MVVMDemo.debug.xcconfig"; path = "Pods/Target Support Files/Pods-MVVMDemo/Pods-MVVMDemo.debug.xcconfig"; sourceTree = "<group>"; };
		3F71B7822F530F4EB5E0A495 /* Pods-MVCDemo.debug.xcconfig */ = {isa = PBXFileReference; includeInIndex = 1; lastKnownFileType = text.xcconfig; name = "Pods-MVCDemo.debug.xcconfig"; path = "Pods/Target Support Files/Pods-MVCDemo/Pods-MVCDemo.debug.xcconfig"; sourceTree = "<group>"; };
		437A4E299D7FB45600AE7AF6 /* Pods-MVXPatternDemo.release.xcconfig */ = {isa = PBXFileReference; includeInIndex = 1; lastKnownFileType = text.xcconfig; name = "Pods-MVXPatternDemo.release.xcconfig"; path = "Pods/Target Support Files/Pods-MVXPatternDemo/Pods-MVXPatternDemo.release.xcconfig"; sourceTree = "<group>"; };
		8D3A793D2855AE0A8EA6763B /* Pods-MVPDemo.debug.xcconfig */ = {isa = PBXFileReference; includeInIndex = 1; lastKnownFileType = text.xcconfig; name = "Pods-MVPDemo.debug.xcconfig"; path = "Pods/Target Support Files/Pods-MVPDemo/Pods-MVPDemo.debug.xcconfig"; sourceTree = "<group>"; };
		8E6F87232BF548B7C2106EB2 /* Pods-MVPDemo.release.xcconfig */ = {isa = PBXFileReference; includeInIndex = 1; lastKnownFileType = text.xcconfig; name = "Pods-MVPDemo.release.xcconfig"; path = "Pods/Target Support Files/Pods-MVPDemo/Pods-MVPDemo.release.xcconfig"; sourceTree = "<group>"; };
		915AEA68832C95A7624224CF /* Pods-MVXPatternDemo.debug.xcconfig */ = {isa = PBXFileReference; includeInIndex = 1; lastKnownFileType = text.xcconfig; name = "Pods-MVXPatternDemo.debug.xcconfig"; path = "Pods/Target Support Files/Pods-MVXPatternDemo/Pods-MVXPatternDemo.debug.xcconfig"; sourceTree = "<group>"; };
		9A40A44CD48AA18D23D07366 /* libPods-MVVMDemo.a */ = {isa = PBXFileReference; explicitFileType = archive.ar; includeInIndex = 0; path = "libPods-MVVMDemo.a"; sourceTree = BUILT_PRODUCTS_DIR; };
		BCEB87A43E020FF0167292C0 /* libPods-MVCDemo.a */ = {isa = PBXFileReference; explicitFileType = archive.ar; includeInIndex = 0; path = "libPods-MVCDemo.a"; sourceTree = BUILT_PRODUCTS_DIR; };
		C0313F638F768261A6894C85 /* libPods-MVPDemo.a */ = {isa = PBXFileReference; explicitFileType = archive.ar; includeInIndex = 0; path = "libPods-MVPDemo.a"; sourceTree = BUILT_PRODUCTS_DIR; };
		D5F64DC8799B14B61C7725FC /* Pods-MVVMDemo.release.xcconfig */ = {isa = PBXFileReference; includeInIndex = 1; lastKnownFileType = text.xcconfig; name = "Pods-MVVMDemo.release.xcconfig"; path = "Pods/Target Support Files/Pods-MVVMDemo/Pods-MVVMDemo.release.xcconfig"; sourceTree = "<group>"; };
		F1479D27B7DE7678B0190E28 /* libPods-MVXPatternDemo.a */ = {isa = PBXFileReference; explicitFileType = archive.ar; includeInIndex = 0; path = "libPods-MVXPatternDemo.a"; sourceTree = BUILT_PRODUCTS_DIR; };
		F94BD02ADC216AA23D53CF06 /* Pods-MVCDemo.release.xcconfig */ = {isa = PBXFileReference; includeInIndex = 1; lastKnownFileType = text.xcconfig; name = "Pods-MVCDemo.release.xcconfig"; path = "Pods/Target Support Files/Pods-MVCDemo/Pods-MVCDemo.release.xcconfig"; sourceTree = "<group>"; };
/* End PBXFileReference section */

/* Begin PBXFrameworksBuildPhase section */
		013A21C52088F4EB00C77316 /* Frameworks */ = {
			isa = PBXFrameworksBuildPhase;
			buildActionMask = 2147483647;
			files = (
				E219C348D5D2A670C2480CED /* libPods-MVXPatternDemo.a in Frameworks */,
			);
			runOnlyForDeploymentPostprocessing = 0;
		};
		013A21DD2088F4EC00C77316 /* Frameworks */ = {
			isa = PBXFrameworksBuildPhase;
			buildActionMask = 2147483647;
			files = (
			);
			runOnlyForDeploymentPostprocessing = 0;
		};
		013A21E82088F4EC00C77316 /* Frameworks */ = {
			isa = PBXFrameworksBuildPhase;
			buildActionMask = 2147483647;
			files = (
			);
			runOnlyForDeploymentPostprocessing = 0;
		};
		013A22042088F66300C77316 /* Frameworks */ = {
			isa = PBXFrameworksBuildPhase;
			buildActionMask = 2147483647;
			files = (
				1F912FC66D458CD507DC6E69 /* libPods-MVCDemo.a in Frameworks */,
			);
			runOnlyForDeploymentPostprocessing = 0;
		};
		013A221B2088F66400C77316 /* Frameworks */ = {
			isa = PBXFrameworksBuildPhase;
			buildActionMask = 2147483647;
			files = (
			);
			runOnlyForDeploymentPostprocessing = 0;
		};
		013A22262088F66400C77316 /* Frameworks */ = {
			isa = PBXFrameworksBuildPhase;
			buildActionMask = 2147483647;
			files = (
			);
			runOnlyForDeploymentPostprocessing = 0;
		};
		013A22402088F72400C77316 /* Frameworks */ = {
			isa = PBXFrameworksBuildPhase;
			buildActionMask = 2147483647;
			files = (
				34E0E041D9AADC203932906B /* libPods-MVPDemo.a in Frameworks */,
			);
			runOnlyForDeploymentPostprocessing = 0;
		};
		013A22572088F72500C77316 /* Frameworks */ = {
			isa = PBXFrameworksBuildPhase;
			buildActionMask = 2147483647;
			files = (
			);
			runOnlyForDeploymentPostprocessing = 0;
		};
		013A22622088F72500C77316 /* Frameworks */ = {
			isa = PBXFrameworksBuildPhase;
			buildActionMask = 2147483647;
			files = (
			);
			runOnlyForDeploymentPostprocessing = 0;
		};
		013A227C2088F7CF00C77316 /* Frameworks */ = {
			isa = PBXFrameworksBuildPhase;
			buildActionMask = 2147483647;
			files = (
				A5E4D8532FC953AAC5353FB8 /* libPods-MVVMDemo.a in Frameworks */,
			);
			runOnlyForDeploymentPostprocessing = 0;
		};
		013A22932088F7CF00C77316 /* Frameworks */ = {
			isa = PBXFrameworksBuildPhase;
			buildActionMask = 2147483647;
			files = (
			);
			runOnlyForDeploymentPostprocessing = 0;
		};
		013A229E2088F7CF00C77316 /* Frameworks */ = {
			isa = PBXFrameworksBuildPhase;
			buildActionMask = 2147483647;
			files = (
			);
			runOnlyForDeploymentPostprocessing = 0;
		};
/* End PBXFrameworksBuildPhase section */

/* Begin PBXGroup section */
		013A21BF2088F4EB00C77316 = {
			isa = PBXGroup;
			children = (
				013A21CA2088F4EB00C77316 /* MVXPatternDemo */,
				013A21E32088F4EC00C77316 /* MVXPatternDemoTests */,
				013A21EE2088F4EC00C77316 /* MVXPatternDemoUITests */,
				013A22082088F66300C77316 /* MVCDemo */,
				013A22212088F66400C77316 /* MVCDemoTests */,
				013A222C2088F66400C77316 /* MVCDemoUITests */,
				013A22442088F72400C77316 /* MVPDemo */,
				013A225D2088F72500C77316 /* MVPDemoTests */,
				013A22682088F72500C77316 /* MVPDemoUITests */,
				013A22802088F7CF00C77316 /* MVVMDemo */,
				013A22992088F7CF00C77316 /* MVVMDemoTests */,
				013A22A42088F7D000C77316 /* MVVMDemoUITests */,
				013A21C92088F4EB00C77316 /* Products */,
				A8A124757F86440DBFC3E478 /* Pods */,
				A773E17FB6A2E5ABD1F5B267 /* Frameworks */,
			);
			sourceTree = "<group>";
		};
		013A21C92088F4EB00C77316 /* Products */ = {
			isa = PBXGroup;
			children = (
				013A21C82088F4EB00C77316 /* MVXPatternDemo.app */,
				013A21E02088F4EC00C77316 /* MVXPatternDemoTests.xctest */,
				013A21EB2088F4EC00C77316 /* MVXPatternDemoUITests.xctest */,
				013A22072088F66300C77316 /* MVCDemo.app */,
				013A221E2088F66400C77316 /* MVCDemoTests.xctest */,
				013A22292088F66400C77316 /* MVCDemoUITests.xctest */,
				013A22432088F72400C77316 /* MVPDemo.app */,
				013A225A2088F72500C77316 /* MVPDemoTests.xctest */,
				013A22652088F72500C77316 /* MVPDemoUITests.xctest */,
				013A227F2088F7CF00C77316 /* MVVMDemo.app */,
				013A22962088F7CF00C77316 /* MVVMDemoTests.xctest */,
				013A22A12088F7CF00C77316 /* MVVMDemoUITests.xctest */,
			);
			name = Products;
			sourceTree = "<group>";
		};
		013A21CA2088F4EB00C77316 /* MVXPatternDemo */ = {
			isa = PBXGroup;
			children = (
				013A21FF2088F53F00C77316 /* Controller */,
				013A21FE2088F51C00C77316 /* Bases */,
				013A21FD2088F4FB00C77316 /* Resources */,
			);
			path = MVXPatternDemo;
			sourceTree = "<group>";
		};
		013A21E32088F4EC00C77316 /* MVXPatternDemoTests */ = {
			isa = PBXGroup;
			children = (
				013A21E42088F4EC00C77316 /* MVXPatternDemoTests.m */,
				013A21E62088F4EC00C77316 /* Info.plist */,
			);
			path = MVXPatternDemoTests;
			sourceTree = "<group>";
		};
		013A21EE2088F4EC00C77316 /* MVXPatternDemoUITests */ = {
			isa = PBXGroup;
			children = (
				013A21EF2088F4EC00C77316 /* MVXPatternDemoUITests.m */,
				013A21F12088F4EC00C77316 /* Info.plist */,
			);
			path = MVXPatternDemoUITests;
			sourceTree = "<group>";
		};
		013A21FD2088F4FB00C77316 /* Resources */ = {
			isa = PBXGroup;
			children = (
				013A21D42088F4EC00C77316 /* Assets.xcassets */,
				013A21D62088F4EC00C77316 /* LaunchScreen.storyboard */,
				013A21D92088F4EC00C77316 /* Info.plist */,
				013A21DA2088F4EC00C77316 /* main.m */,
			);
			path = Resources;
			sourceTree = "<group>";
		};
		013A21FE2088F51C00C77316 /* Bases */ = {
			isa = PBXGroup;
			children = (
				013A21CB2088F4EB00C77316 /* AppDelegate.h */,
				013A21CC2088F4EB00C77316 /* AppDelegate.m */,
			);
			path = Bases;
			sourceTree = "<group>";
		};
		013A21FF2088F53F00C77316 /* Controller */ = {
			isa = PBXGroup;
			children = (
				013A22002088F55100C77316 /* DORootVC.h */,
				013A22012088F55100C77316 /* DORootVC.m */,
			);
			path = Controller;
			sourceTree = "<group>";
		};
		013A22082088F66300C77316 /* MVCDemo */ = {
			isa = PBXGroup;
			children = (
				013A22B72088FAB800C77316 /* Model */,
				013A22BB2089007000C77316 /* View */,
				013A223B2088F69100C77316 /* Controller */,
				013A223A2088F67900C77316 /* Bases */,
				013A22392088F66E00C77316 /* Resources */,
			);
			path = MVCDemo;
			sourceTree = "<group>";
		};
		013A22212088F66400C77316 /* MVCDemoTests */ = {
			isa = PBXGroup;
			children = (
				013A22222088F66400C77316 /* MVCDemoTests.m */,
				013A22242088F66400C77316 /* Info.plist */,
			);
			path = MVCDemoTests;
			sourceTree = "<group>";
		};
		013A222C2088F66400C77316 /* MVCDemoUITests */ = {
			isa = PBXGroup;
			children = (
				013A222D2088F66400C77316 /* MVCDemoUITests.m */,
				013A222F2088F66400C77316 /* Info.plist */,
			);
			path = MVCDemoUITests;
			sourceTree = "<group>";
		};
		013A22392088F66E00C77316 /* Resources */ = {
			isa = PBXGroup;
			children = (
				013A22122088F66400C77316 /* Assets.xcassets */,
				013A22142088F66400C77316 /* LaunchScreen.storyboard */,
				013A22172088F66400C77316 /* Info.plist */,
				013A22182088F66400C77316 /* main.m */,
			);
			path = Resources;
			sourceTree = "<group>";
		};
		013A223A2088F67900C77316 /* Bases */ = {
			isa = PBXGroup;
			children = (
				013A22092088F66300C77316 /* AppDelegate.h */,
				013A220A2088F66300C77316 /* AppDelegate.m */,
			);
			path = Bases;
			sourceTree = "<group>";
		};
		013A223B2088F69100C77316 /* Controller */ = {
			isa = PBXGroup;
			children = (
				013A223C2088F6A300C77316 /* DORootVC.h */,
				013A223D2088F6A300C77316 /* DORootVC.m */,
			);
			path = Controller;
			sourceTree = "<group>";
		};
		013A22442088F72400C77316 /* MVPDemo */ = {
			isa = PBXGroup;
			children = (
				013A22C32089055600C77316 /* Model */,
				013A22BF2089046C00C77316 /* View */,
				013A22C72089058100C77316 /* Presenter */,
				013A22772088F74600C77316 /* Controller */,
				013A22762088F73100C77316 /* Bases */,
				013A22752088F72B00C77316 /* Resources */,
			);
			path = MVPDemo;
			sourceTree = "<group>";
		};
		013A225D2088F72500C77316 /* MVPDemoTests */ = {
			isa = PBXGroup;
			children = (
				013A225E2088F72500C77316 /* MVPDemoTests.m */,
				013A22602088F72500C77316 /* Info.plist */,
			);
			path = MVPDemoTests;
			sourceTree = "<group>";
		};
		013A22682088F72500C77316 /* MVPDemoUITests */ = {
			isa = PBXGroup;
			children = (
				013A22692088F72500C77316 /* MVPDemoUITests.m */,
				013A226B2088F72500C77316 /* Info.plist */,
			);
			path = MVPDemoUITests;
			sourceTree = "<group>";
		};
		013A22752088F72B00C77316 /* Resources */ = {
			isa = PBXGroup;
			children = (
				013A224E2088F72400C77316 /* Assets.xcassets */,
				013A22502088F72400C77316 /* LaunchScreen.storyboard */,
				013A22532088F72500C77316 /* Info.plist */,
				013A22542088F72500C77316 /* main.m */,
			);
			path = Resources;
			sourceTree = "<group>";
		};
		013A22762088F73100C77316 /* Bases */ = {
			isa = PBXGroup;
			children = (
				013A22452088F72400C77316 /* AppDelegate.h */,
				013A22462088F72400C77316 /* AppDelegate.m */,
			);
			path = Bases;
			sourceTree = "<group>";
		};
		013A22772088F74600C77316 /* Controller */ = {
			isa = PBXGroup;
			children = (
				013A22782088F76700C77316 /* DORootVC.h */,
				013A22792088F76700C77316 /* DORootVC.m */,
			);
			path = Controller;
			sourceTree = "<group>";
		};
		013A22802088F7CF00C77316 /* MVVMDemo */ = {
			isa = PBXGroup;
			children = (
				013A22B32088F7EE00C77316 /* Controller */,
				013A22B22088F7DA00C77316 /* Bases */,
				013A22B12088F7D400C77316 /* Resources */,
			);
			path = MVVMDemo;
			sourceTree = "<group>";
		};
		013A22992088F7CF00C77316 /* MVVMDemoTests */ = {
			isa = PBXGroup;
			children = (
				013A229A2088F7CF00C77316 /* MVVMDemoTests.m */,
				013A229C2088F7CF00C77316 /* Info.plist */,
			);
			path = MVVMDemoTests;
			sourceTree = "<group>";
		};
		013A22A42088F7D000C77316 /* MVVMDemoUITests */ = {
			isa = PBXGroup;
			children = (
				013A22A52088F7D000C77316 /* MVVMDemoUITests.m */,
				013A22A72088F7D000C77316 /* Info.plist */,
			);
			path = MVVMDemoUITests;
			sourceTree = "<group>";
		};
		013A22B12088F7D400C77316 /* Resources */ = {
			isa = PBXGroup;
			children = (
				013A228A2088F7CF00C77316 /* Assets.xcassets */,
				013A228C2088F7CF00C77316 /* LaunchScreen.storyboard */,
				013A228F2088F7CF00C77316 /* Info.plist */,
				013A22902088F7CF00C77316 /* main.m */,
			);
			path = Resources;
			sourceTree = "<group>";
		};
		013A22B22088F7DA00C77316 /* Bases */ = {
			isa = PBXGroup;
			children = (
				013A22812088F7CF00C77316 /* AppDelegate.h */,
				013A22822088F7CF00C77316 /* AppDelegate.m */,
			);
			path = Bases;
			sourceTree = "<group>";
		};
		013A22B32088F7EE00C77316 /* Controller */ = {
			isa = PBXGroup;
			children = (
				013A22B42088F7FB00C77316 /* DORootVC.h */,
				013A22B52088F7FB00C77316 /* DORootVC.m */,
			);
			path = Controller;
			sourceTree = "<group>";
		};
		013A22B72088FAB800C77316 /* Model */ = {
			isa = PBXGroup;
			children = (
				013A22B82088FB0F00C77316 /* DOCommodity.h */,
				013A22B92088FB0F00C77316 /* DOCommodity.m */,
			);
			path = Model;
			sourceTree = "<group>";
		};
		013A22BB2089007000C77316 /* View */ = {
			isa = PBXGroup;
			children = (
				013A22BC2089008F00C77316 /* DOCommodityCell.h */,
				013A22BD2089008F00C77316 /* DOCommodityCell.m */,
			);
			path = View;
			sourceTree = "<group>";
		};
		013A22BF2089046C00C77316 /* View */ = {
			isa = PBXGroup;
			children = (
				013A22CB2089103400C77316 /* DOCommodityCellMVP.h */,
				013A22CC2089103400C77316 /* DOCommodityCellMVP.m */,
			);
			path = View;
			sourceTree = "<group>";
		};
		013A22C32089055600C77316 /* Model */ = {
			isa = PBXGroup;
			children = (
				013A22C42089056B00C77316 /* DOCommodity.h */,
				013A22C52089056B00C77316 /* DOCommodity.m */,
			);
			path = Model;
			sourceTree = "<group>";
		};
		013A22C72089058100C77316 /* Presenter */ = {
			isa = PBXGroup;
			children = (
				013A22C8208905C200C77316 /* DOCommodityPresenter.h */,
				013A22C9208905C200C77316 /* DOCommodityPresenter.m */,
			);
			path = Presenter;
			sourceTree = "<group>";
		};
		A773E17FB6A2E5ABD1F5B267 /* Frameworks */ = {
			isa = PBXGroup;
			children = (
				BCEB87A43E020FF0167292C0 /* libPods-MVCDemo.a */,
				C0313F638F768261A6894C85 /* libPods-MVPDemo.a */,
				9A40A44CD48AA18D23D07366 /* libPods-MVVMDemo.a */,
				F1479D27B7DE7678B0190E28 /* libPods-MVXPatternDemo.a */,
			);
			name = Frameworks;
			sourceTree = "<group>";
		};
		A8A124757F86440DBFC3E478 /* Pods */ = {
			isa = PBXGroup;
			children = (
				3F71B7822F530F4EB5E0A495 /* Pods-MVCDemo.debug.xcconfig */,
				F94BD02ADC216AA23D53CF06 /* Pods-MVCDemo.release.xcconfig */,
				8D3A793D2855AE0A8EA6763B /* Pods-MVPDemo.debug.xcconfig */,
				8E6F87232BF548B7C2106EB2 /* Pods-MVPDemo.release.xcconfig */,
				0982BF7C9B91DD7AB6758C0B /* Pods-MVVMDemo.debug.xcconfig */,
				D5F64DC8799B14B61C7725FC /* Pods-MVVMDemo.release.xcconfig */,
				915AEA68832C95A7624224CF /* Pods-MVXPatternDemo.debug.xcconfig */,
				437A4E299D7FB45600AE7AF6 /* Pods-MVXPatternDemo.release.xcconfig */,
			);
			name = Pods;
			sourceTree = "<group>";
		};
/* End PBXGroup section */

/* Begin PBXNativeTarget section */
		013A21C72088F4EB00C77316 /* MVXPatternDemo */ = {
			isa = PBXNativeTarget;
			buildConfigurationList = 013A21F42088F4EC00C77316 /* Build configuration list for PBXNativeTarget "MVXPatternDemo" */;
			buildPhases = (
				F70EBA2E12974390CD7D1FE5 /* [CP] Check Pods Manifest.lock */,
				013A21C42088F4EB00C77316 /* Sources */,
				013A21C52088F4EB00C77316 /* Frameworks */,
				013A21C62088F4EB00C77316 /* Resources */,
				C5AE6CFA2CBA580B00D725BC /* [CP] Copy Pods Resources */,
			);
			buildRules = (
			);
			dependencies = (
			);
			name = MVXPatternDemo;
			productName = MVXPatternDemo;
			productReference = 013A21C82088F4EB00C77316 /* MVXPatternDemo.app */;
			productType = "com.apple.product-type.application";
		};
		013A21DF2088F4EC00C77316 /* MVXPatternDemoTests */ = {
			isa = PBXNativeTarget;
			buildConfigurationList = 013A21F72088F4EC00C77316 /* Build configuration list for PBXNativeTarget "MVXPatternDemoTests" */;
			buildPhases = (
				013A21DC2088F4EC00C77316 /* Sources */,
				013A21DD2088F4EC00C77316 /* Frameworks */,
				013A21DE2088F4EC00C77316 /* Resources */,
			);
			buildRules = (
			);
			dependencies = (
				013A21E22088F4EC00C77316 /* PBXTargetDependency */,
			);
			name = MVXPatternDemoTests;
			productName = MVXPatternDemoTests;
			productReference = 013A21E02088F4EC00C77316 /* MVXPatternDemoTests.xctest */;
			productType = "com.apple.product-type.bundle.unit-test";
		};
		013A21EA2088F4EC00C77316 /* MVXPatternDemoUITests */ = {
			isa = PBXNativeTarget;
			buildConfigurationList = 013A21FA2088F4EC00C77316 /* Build configuration list for PBXNativeTarget "MVXPatternDemoUITests" */;
			buildPhases = (
				013A21E72088F4EC00C77316 /* Sources */,
				013A21E82088F4EC00C77316 /* Frameworks */,
				013A21E92088F4EC00C77316 /* Resources */,
			);
			buildRules = (
			);
			dependencies = (
				013A21ED2088F4EC00C77316 /* PBXTargetDependency */,
			);
			name = MVXPatternDemoUITests;
			productName = MVXPatternDemoUITests;
			productReference = 013A21EB2088F4EC00C77316 /* MVXPatternDemoUITests.xctest */;
			productType = "com.apple.product-type.bundle.ui-testing";
		};
		013A22062088F66300C77316 /* MVCDemo */ = {
			isa = PBXNativeTarget;
			buildConfigurationList = 013A22302088F66400C77316 /* Build configuration list for PBXNativeTarget "MVCDemo" */;
			buildPhases = (
				A779076FCF3A2886E97F1722 /* [CP] Check Pods Manifest.lock */,
				013A22032088F66300C77316 /* Sources */,
				013A22042088F66300C77316 /* Frameworks */,
				013A22052088F66300C77316 /* Resources */,
				F106A74DEF932AF3F8B8FD24 /* [CP] Copy Pods Resources */,
			);
			buildRules = (
			);
			dependencies = (
			);
			name = MVCDemo;
			productName = MVCDemo;
			productReference = 013A22072088F66300C77316 /* MVCDemo.app */;
			productType = "com.apple.product-type.application";
		};
		013A221D2088F66400C77316 /* MVCDemoTests */ = {
			isa = PBXNativeTarget;
			buildConfigurationList = 013A22332088F66400C77316 /* Build configuration list for PBXNativeTarget "MVCDemoTests" */;
			buildPhases = (
				013A221A2088F66400C77316 /* Sources */,
				013A221B2088F66400C77316 /* Frameworks */,
				013A221C2088F66400C77316 /* Resources */,
			);
			buildRules = (
			);
			dependencies = (
				013A22202088F66400C77316 /* PBXTargetDependency */,
			);
			name = MVCDemoTests;
			productName = MVCDemoTests;
			productReference = 013A221E2088F66400C77316 /* MVCDemoTests.xctest */;
			productType = "com.apple.product-type.bundle.unit-test";
		};
		013A22282088F66400C77316 /* MVCDemoUITests */ = {
			isa = PBXNativeTarget;
			buildConfigurationList = 013A22362088F66400C77316 /* Build configuration list for PBXNativeTarget "MVCDemoUITests" */;
			buildPhases = (
				013A22252088F66400C77316 /* Sources */,
				013A22262088F66400C77316 /* Frameworks */,
				013A22272088F66400C77316 /* Resources */,
			);
			buildRules = (
			);
			dependencies = (
				013A222B2088F66400C77316 /* PBXTargetDependency */,
			);
			name = MVCDemoUITests;
			productName = MVCDemoUITests;
			productReference = 013A22292088F66400C77316 /* MVCDemoUITests.xctest */;
			productType = "com.apple.product-type.bundle.ui-testing";
		};
		013A22422088F72400C77316 /* MVPDemo */ = {
			isa = PBXNativeTarget;
			buildConfigurationList = 013A226C2088F72500C77316 /* Build configuration list for PBXNativeTarget "MVPDemo" */;
			buildPhases = (
				4CADFD0B8AA8030E3722C386 /* [CP] Check Pods Manifest.lock */,
				013A223F2088F72400C77316 /* Sources */,
				013A22402088F72400C77316 /* Frameworks */,
				013A22412088F72400C77316 /* Resources */,
				ECFAECC69F3607B2DC6A0B32 /* [CP] Copy Pods Resources */,
			);
			buildRules = (
			);
			dependencies = (
			);
			name = MVPDemo;
			productName = MVPDemo;
			productReference = 013A22432088F72400C77316 /* MVPDemo.app */;
			productType = "com.apple.product-type.application";
		};
		013A22592088F72500C77316 /* MVPDemoTests */ = {
			isa = PBXNativeTarget;
			buildConfigurationList = 013A226F2088F72500C77316 /* Build configuration list for PBXNativeTarget "MVPDemoTests" */;
			buildPhases = (
				013A22562088F72500C77316 /* Sources */,
				013A22572088F72500C77316 /* Frameworks */,
				013A22582088F72500C77316 /* Resources */,
			);
			buildRules = (
			);
			dependencies = (
				013A225C2088F72500C77316 /* PBXTargetDependency */,
			);
			name = MVPDemoTests;
			productName = MVPDemoTests;
			productReference = 013A225A2088F72500C77316 /* MVPDemoTests.xctest */;
			productType = "com.apple.product-type.bundle.unit-test";
		};
		013A22642088F72500C77316 /* MVPDemoUITests */ = {
			isa = PBXNativeTarget;
			buildConfigurationList = 013A22722088F72500C77316 /* Build configuration list for PBXNativeTarget "MVPDemoUITests" */;
			buildPhases = (
				013A22612088F72500C77316 /* Sources */,
				013A22622088F72500C77316 /* Frameworks */,
				013A22632088F72500C77316 /* Resources */,
			);
			buildRules = (
			);
			dependencies = (
				013A22672088F72500C77316 /* PBXTargetDependency */,
			);
			name = MVPDemoUITests;
			productName = MVPDemoUITests;
			productReference = 013A22652088F72500C77316 /* MVPDemoUITests.xctest */;
			productType = "com.apple.product-type.bundle.ui-testing";
		};
		013A227E2088F7CF00C77316 /* MVVMDemo */ = {
			isa = PBXNativeTarget;
			buildConfigurationList = 013A22A82088F7D000C77316 /* Build configuration list for PBXNativeTarget "MVVMDemo" */;
			buildPhases = (
				B229C5DB1445B60E0E6C14BD /* [CP] Check Pods Manifest.lock */,
				013A227B2088F7CF00C77316 /* Sources */,
				013A227C2088F7CF00C77316 /* Frameworks */,
				013A227D2088F7CF00C77316 /* Resources */,
				DEE88CC7B9EEEDA208E32E9A /* [CP] Copy Pods Resources */,
			);
			buildRules = (
			);
			dependencies = (
			);
			name = MVVMDemo;
			productName = MVVMDemo;
			productReference = 013A227F2088F7CF00C77316 /* MVVMDemo.app */;
			productType = "com.apple.product-type.application";
		};
		013A22952088F7CF00C77316 /* MVVMDemoTests */ = {
			isa = PBXNativeTarget;
			buildConfigurationList = 013A22AB2088F7D000C77316 /* Build configuration list for PBXNativeTarget "MVVMDemoTests" */;
			buildPhases = (
				013A22922088F7CF00C77316 /* Sources */,
				013A22932088F7CF00C77316 /* Frameworks */,
				013A22942088F7CF00C77316 /* Resources */,
			);
			buildRules = (
			);
			dependencies = (
				013A22982088F7CF00C77316 /* PBXTargetDependency */,
			);
			name = MVVMDemoTests;
			productName = MVVMDemoTests;
			productReference = 013A22962088F7CF00C77316 /* MVVMDemoTests.xctest */;
			productType = "com.apple.product-type.bundle.unit-test";
		};
		013A22A02088F7CF00C77316 /* MVVMDemoUITests */ = {
			isa = PBXNativeTarget;
			buildConfigurationList = 013A22AE2088F7D000C77316 /* Build configuration list for PBXNativeTarget "MVVMDemoUITests" */;
			buildPhases = (
				013A229D2088F7CF00C77316 /* Sources */,
				013A229E2088F7CF00C77316 /* Frameworks */,
				013A229F2088F7CF00C77316 /* Resources */,
			);
			buildRules = (
			);
			dependencies = (
				013A22A32088F7CF00C77316 /* PBXTargetDependency */,
			);
			name = MVVMDemoUITests;
			productName = MVVMDemoUITests;
			productReference = 013A22A12088F7CF00C77316 /* MVVMDemoUITests.xctest */;
			productType = "com.apple.product-type.bundle.ui-testing";
		};
/* End PBXNativeTarget section */

/* Begin PBXProject section */
		013A21C02088F4EB00C77316 /* Project object */ = {
			isa = PBXProject;
			attributes = {
				LastUpgradeCheck = 0930;
				ORGANIZATIONNAME = Dino;
				TargetAttributes = {
					013A21C72088F4EB00C77316 = {
						CreatedOnToolsVersion = 9.3;
					};
					013A21DF2088F4EC00C77316 = {
						CreatedOnToolsVersion = 9.3;
						TestTargetID = 013A21C72088F4EB00C77316;
					};
					013A21EA2088F4EC00C77316 = {
						CreatedOnToolsVersion = 9.3;
						TestTargetID = 013A21C72088F4EB00C77316;
					};
					013A22062088F66300C77316 = {
						CreatedOnToolsVersion = 9.3;
					};
					013A221D2088F66400C77316 = {
						CreatedOnToolsVersion = 9.3;
						TestTargetID = 013A22062088F66300C77316;
					};
					013A22282088F66400C77316 = {
						CreatedOnToolsVersion = 9.3;
						TestTargetID = 013A22062088F66300C77316;
					};
					013A22422088F72400C77316 = {
						CreatedOnToolsVersion = 9.3;
					};
					013A22592088F72500C77316 = {
						CreatedOnToolsVersion = 9.3;
						TestTargetID = 013A22422088F72400C77316;
					};
					013A22642088F72500C77316 = {
						CreatedOnToolsVersion = 9.3;
						TestTargetID = 013A22422088F72400C77316;
					};
					013A227E2088F7CF00C77316 = {
						CreatedOnToolsVersion = 9.3;
					};
					013A22952088F7CF00C77316 = {
						CreatedOnToolsVersion = 9.3;
						TestTargetID = 013A227E2088F7CF00C77316;
					};
					013A22A02088F7CF00C77316 = {
						CreatedOnToolsVersion = 9.3;
						TestTargetID = 013A227E2088F7CF00C77316;
					};
				};
			};
			buildConfigurationList = 013A21C32088F4EB00C77316 /* Build configuration list for PBXProject "MVXPatternDemo" */;
			compatibilityVersion = "Xcode 9.3";
			developmentRegion = en;
			hasScannedForEncodings = 0;
			knownRegions = (
				en,
				Base,
			);
			mainGroup = 013A21BF2088F4EB00C77316;
			productRefGroup = 013A21C92088F4EB00C77316 /* Products */;
			projectDirPath = "";
			projectRoot = "";
			targets = (
				013A21C72088F4EB00C77316 /* MVXPatternDemo */,
				013A21DF2088F4EC00C77316 /* MVXPatternDemoTests */,
				013A21EA2088F4EC00C77316 /* MVXPatternDemoUITests */,
				013A22062088F66300C77316 /* MVCDemo */,
				013A221D2088F66400C77316 /* MVCDemoTests */,
				013A22282088F66400C77316 /* MVCDemoUITests */,
				013A22422088F72400C77316 /* MVPDemo */,
				013A22592088F72500C77316 /* MVPDemoTests */,
				013A22642088F72500C77316 /* MVPDemoUITests */,
				013A227E2088F7CF00C77316 /* MVVMDemo */,
				013A22952088F7CF00C77316 /* MVVMDemoTests */,
				013A22A02088F7CF00C77316 /* MVVMDemoUITests */,
			);
		};
/* End PBXProject section */

/* Begin PBXResourcesBuildPhase section */
		013A21C62088F4EB00C77316 /* Resources */ = {
			isa = PBXResourcesBuildPhase;
			buildActionMask = 2147483647;
			files = (
				013A21D82088F4EC00C77316 /* LaunchScreen.storyboard in Resources */,
				013A21D52088F4EC00C77316 /* Assets.xcassets in Resources */,
			);
			runOnlyForDeploymentPostprocessing = 0;
		};
		013A21DE2088F4EC00C77316 /* Resources */ = {
			isa = PBXResourcesBuildPhase;
			buildActionMask = 2147483647;
			files = (
			);
			runOnlyForDeploymentPostprocessing = 0;
		};
		013A21E92088F4EC00C77316 /* Resources */ = {
			isa = PBXResourcesBuildPhase;
			buildActionMask = 2147483647;
			files = (
			);
			runOnlyForDeploymentPostprocessing = 0;
		};
		013A22052088F66300C77316 /* Resources */ = {
			isa = PBXResourcesBuildPhase;
			buildActionMask = 2147483647;
			files = (
				013A22162088F66400C77316 /* LaunchScreen.storyboard in Resources */,
				013A22132088F66400C77316 /* Assets.xcassets in Resources */,
			);
			runOnlyForDeploymentPostprocessing = 0;
		};
		013A221C2088F66400C77316 /* Resources */ = {
			isa = PBXResourcesBuildPhase;
			buildActionMask = 2147483647;
			files = (
			);
			runOnlyForDeploymentPostprocessing = 0;
		};
		013A22272088F66400C77316 /* Resources */ = {
			isa = PBXResourcesBuildPhase;
			buildActionMask = 2147483647;
			files = (
			);
			runOnlyForDeploymentPostprocessing = 0;
		};
		013A22412088F72400C77316 /* Resources */ = {
			isa = PBXResourcesBuildPhase;
			buildActionMask = 2147483647;
			files = (
				013A22522088F72400C77316 /* LaunchScreen.storyboard in Resources */,
				013A224F2088F72400C77316 /* Assets.xcassets in Resources */,
			);
			runOnlyForDeploymentPostprocessing = 0;
		};
		013A22582088F72500C77316 /* Resources */ = {
			isa = PBXResourcesBuildPhase;
			buildActionMask = 2147483647;
			files = (
			);
			runOnlyForDeploymentPostprocessing = 0;
		};
		013A22632088F72500C77316 /* Resources */ = {
			isa = PBXResourcesBuildPhase;
			buildActionMask = 2147483647;
			files = (
			);
			runOnlyForDeploymentPostprocessing = 0;
		};
		013A227D2088F7CF00C77316 /* Resources */ = {
			isa = PBXResourcesBuildPhase;
			buildActionMask = 2147483647;
			files = (
				013A228E2088F7CF00C77316 /* LaunchScreen.storyboard in Resources */,
				013A228B2088F7CF00C77316 /* Assets.xcassets in Resources */,
			);
			runOnlyForDeploymentPostprocessing = 0;
		};
		013A22942088F7CF00C77316 /* Resources */ = {
			isa = PBXResourcesBuildPhase;
			buildActionMask = 2147483647;
			files = (
			);
			runOnlyForDeploymentPostprocessing = 0;
		};
		013A229F2088F7CF00C77316 /* Resources */ = {
			isa = PBXResourcesBuildPhase;
			buildActionMask = 2147483647;
			files = (
			);
			runOnlyForDeploymentPostprocessing = 0;
		};
/* End PBXResourcesBuildPhase section */

/* Begin PBXShellScriptBuildPhase section */
		4CADFD0B8AA8030E3722C386 /* [CP] Check Pods Manifest.lock */ = {
			isa = PBXShellScriptBuildPhase;
			buildActionMask = 2147483647;
			files = (
			);
			inputPaths = (
				"${PODS_PODFILE_DIR_PATH}/Podfile.lock",
				"${PODS_ROOT}/Manifest.lock",
			);
			name = "[CP] Check Pods Manifest.lock";
			outputPaths = (
				"$(DERIVED_FILE_DIR)/Pods-MVPDemo-checkManifestLockResult.txt",
			);
			runOnlyForDeploymentPostprocessing = 0;
			shellPath = /bin/sh;
			shellScript = "diff \"${PODS_PODFILE_DIR_PATH}/Podfile.lock\" \"${PODS_ROOT}/Manifest.lock\" > /dev/null\nif [ $? != 0 ] ; then\n    # print error to STDERR\n    echo \"error: The sandbox is not in sync with the Podfile.lock. Run 'pod install' or update your CocoaPods installation.\" >&2\n    exit 1\nfi\n# This output is used by Xcode 'outputs' to avoid re-running this script phase.\necho \"SUCCESS\" > \"${SCRIPT_OUTPUT_FILE_0}\"\n";
			showEnvVarsInLog = 0;
		};
		A779076FCF3A2886E97F1722 /* [CP] Check Pods Manifest.lock */ = {
			isa = PBXShellScriptBuildPhase;
			buildActionMask = 2147483647;
			files = (
			);
			inputPaths = (
				"${PODS_PODFILE_DIR_PATH}/Podfile.lock",
				"${PODS_ROOT}/Manifest.lock",
			);
			name = "[CP] Check Pods Manifest.lock";
			outputPaths = (
				"$(DERIVED_FILE_DIR)/Pods-MVCDemo-checkManifestLockResult.txt",
			);
			runOnlyForDeploymentPostprocessing = 0;
			shellPath = /bin/sh;
			shellScript = "diff \"${PODS_PODFILE_DIR_PATH}/Podfile.lock\" \"${PODS_ROOT}/Manifest.lock\" > /dev/null\nif [ $? != 0 ] ; then\n    # print error to STDERR\n    echo \"error: The sandbox is not in sync with the Podfile.lock. Run 'pod install' or update your CocoaPods installation.\" >&2\n    exit 1\nfi\n# This output is used by Xcode 'outputs' to avoid re-running this script phase.\necho \"SUCCESS\" > \"${SCRIPT_OUTPUT_FILE_0}\"\n";
			showEnvVarsInLog = 0;
		};
		B229C5DB1445B60E0E6C14BD /* [CP] Check Pods Manifest.lock */ = {
			isa = PBXShellScriptBuildPhase;
			buildActionMask = 2147483647;
			files = (
			);
			inputPaths = (
				"${PODS_PODFILE_DIR_PATH}/Podfile.lock",
				"${PODS_ROOT}/Manifest.lock",
			);
			name = "[CP] Check Pods Manifest.lock";
			outputPaths = (
				"$(DERIVED_FILE_DIR)/Pods-MVVMDemo-checkManifestLockResult.txt",
			);
			runOnlyForDeploymentPostprocessing = 0;
			shellPath = /bin/sh;
			shellScript = "diff \"${PODS_PODFILE_DIR_PATH}/Podfile.lock\" \"${PODS_ROOT}/Manifest.lock\" > /dev/null\nif [ $? != 0 ] ; then\n    # print error to STDERR\n    echo \"error: The sandbox is not in sync with the Podfile.lock. Run 'pod install' or update your CocoaPods installation.\" >&2\n    exit 1\nfi\n# This output is used by Xcode 'outputs' to avoid re-running this script phase.\necho \"SUCCESS\" > \"${SCRIPT_OUTPUT_FILE_0}\"\n";
			showEnvVarsInLog = 0;
		};
		C5AE6CFA2CBA580B00D725BC /* [CP] Copy Pods Resources */ = {
			isa = PBXShellScriptBuildPhase;
			buildActionMask = 2147483647;
			files = (
			);
			inputPaths = (
				"${SRCROOT}/Pods/Target Support Files/Pods-MVXPatternDemo/Pods-MVXPatternDemo-resources.sh",
				"${PODS_ROOT}/MJRefresh/MJRefresh/MJRefresh.bundle",
			);
			name = "[CP] Copy Pods Resources";
			outputPaths = (
				"${TARGET_BUILD_DIR}/${UNLOCALIZED_RESOURCES_FOLDER_PATH}/MJRefresh.bundle",
			);
			runOnlyForDeploymentPostprocessing = 0;
			shellPath = /bin/sh;
			shellScript = "\"${SRCROOT}/Pods/Target Support Files/Pods-MVXPatternDemo/Pods-MVXPatternDemo-resources.sh\"\n";
			showEnvVarsInLog = 0;
		};
		DEE88CC7B9EEEDA208E32E9A /* [CP] Copy Pods Resources */ = {
			isa = PBXShellScriptBuildPhase;
			buildActionMask = 2147483647;
			files = (
			);
			inputPaths = (
				"${SRCROOT}/Pods/Target Support Files/Pods-MVVMDemo/Pods-MVVMDemo-resources.sh",
				"${PODS_ROOT}/MJRefresh/MJRefresh/MJRefresh.bundle",
			);
			name = "[CP] Copy Pods Resources";
			outputPaths = (
				"${TARGET_BUILD_DIR}/${UNLOCALIZED_RESOURCES_FOLDER_PATH}/MJRefresh.bundle",
			);
			runOnlyForDeploymentPostprocessing = 0;
			shellPath = /bin/sh;
			shellScript = "\"${SRCROOT}/Pods/Target Support Files/Pods-MVVMDemo/Pods-MVVMDemo-resources.sh\"\n";
			showEnvVarsInLog = 0;
		};
		ECFAECC69F3607B2DC6A0B32 /* [CP] Copy Pods Resources */ = {
			isa = PBXShellScriptBuildPhase;
			buildActionMask = 2147483647;
			files = (
			);
			inputPaths = (
				"${SRCROOT}/Pods/Target Support Files/Pods-MVPDemo/Pods-MVPDemo-resources.sh",
				"${PODS_ROOT}/MJRefresh/MJRefresh/MJRefresh.bundle",
			);
			name = "[CP] Copy Pods Resources";
			outputPaths = (
				"${TARGET_BUILD_DIR}/${UNLOCALIZED_RESOURCES_FOLDER_PATH}/MJRefresh.bundle",
			);
			runOnlyForDeploymentPostprocessing = 0;
			shellPath = /bin/sh;
			shellScript = "\"${SRCROOT}/Pods/Target Support Files/Pods-MVPDemo/Pods-MVPDemo-resources.sh\"\n";
			showEnvVarsInLog = 0;
		};
		F106A74DEF932AF3F8B8FD24 /* [CP] Copy Pods Resources */ = {
			isa = PBXShellScriptBuildPhase;
			buildActionMask = 2147483647;
			files = (
			);
			inputPaths = (
				"${SRCROOT}/Pods/Target Support Files/Pods-MVCDemo/Pods-MVCDemo-resources.sh",
				"${PODS_ROOT}/MJRefresh/MJRefresh/MJRefresh.bundle",
			);
			name = "[CP] Copy Pods Resources";
			outputPaths = (
				"${TARGET_BUILD_DIR}/${UNLOCALIZED_RESOURCES_FOLDER_PATH}/MJRefresh.bundle",
			);
			runOnlyForDeploymentPostprocessing = 0;
			shellPath = /bin/sh;
			shellScript = "\"${SRCROOT}/Pods/Target Support Files/Pods-MVCDemo/Pods-MVCDemo-resources.sh\"\n";
			showEnvVarsInLog = 0;
		};
		F70EBA2E12974390CD7D1FE5 /* [CP] Check Pods Manifest.lock */ = {
			isa = PBXShellScriptBuildPhase;
			buildActionMask = 2147483647;
			files = (
			);
			inputPaths = (
				"${PODS_PODFILE_DIR_PATH}/Podfile.lock",
				"${PODS_ROOT}/Manifest.lock",
			);
			name = "[CP] Check Pods Manifest.lock";
			outputPaths = (
				"$(DERIVED_FILE_DIR)/Pods-MVXPatternDemo-checkManifestLockResult.txt",
			);
			runOnlyForDeploymentPostprocessing = 0;
			shellPath = /bin/sh;
			shellScript = "diff \"${PODS_PODFILE_DIR_PATH}/Podfile.lock\" \"${PODS_ROOT}/Manifest.lock\" > /dev/null\nif [ $? != 0 ] ; then\n    # print error to STDERR\n    echo \"error: The sandbox is not in sync with the Podfile.lock. Run 'pod install' or update your CocoaPods installation.\" >&2\n    exit 1\nfi\n# This output is used by Xcode 'outputs' to avoid re-running this script phase.\necho \"SUCCESS\" > \"${SCRIPT_OUTPUT_FILE_0}\"\n";
			showEnvVarsInLog = 0;
		};
/* End PBXShellScriptBuildPhase section */

/* Begin PBXSourcesBuildPhase section */
		013A21C42088F4EB00C77316 /* Sources */ = {
			isa = PBXSourcesBuildPhase;
			buildActionMask = 2147483647;
			files = (
				013A22022088F55100C77316 /* DORootVC.m in Sources */,
				013A21DB2088F4EC00C77316 /* main.m in Sources */,
				013A21CD2088F4EB00C77316 /* AppDelegate.m in Sources */,
			);
			runOnlyForDeploymentPostprocessing = 0;
		};
		013A21DC2088F4EC00C77316 /* Sources */ = {
			isa = PBXSourcesBuildPhase;
			buildActionMask = 2147483647;
			files = (
				013A21E52088F4EC00C77316 /* MVXPatternDemoTests.m in Sources */,
			);
			runOnlyForDeploymentPostprocessing = 0;
		};
		013A21E72088F4EC00C77316 /* Sources */ = {
			isa = PBXSourcesBuildPhase;
			buildActionMask = 2147483647;
			files = (
				013A21F02088F4EC00C77316 /* MVXPatternDemoUITests.m in Sources */,
			);
			runOnlyForDeploymentPostprocessing = 0;
		};
		013A22032088F66300C77316 /* Sources */ = {
			isa = PBXSourcesBuildPhase;
			buildActionMask = 2147483647;
			files = (
				013A22BA2088FB0F00C77316 /* DOCommodity.m in Sources */,
				013A223E2088F6A300C77316 /* DORootVC.m in Sources */,
				013A22192088F66400C77316 /* main.m in Sources */,
				013A22BE2089008F00C77316 /* DOCommodityCell.m in Sources */,
				013A220B2088F66300C77316 /* AppDelegate.m in Sources */,
			);
			runOnlyForDeploymentPostprocessing = 0;
		};
		013A221A2088F66400C77316 /* Sources */ = {
			isa = PBXSourcesBuildPhase;
			buildActionMask = 2147483647;
			files = (
				013A22232088F66400C77316 /* MVCDemoTests.m in Sources */,
			);
			runOnlyForDeploymentPostprocessing = 0;
		};
		013A22252088F66400C77316 /* Sources */ = {
			isa = PBXSourcesBuildPhase;
			buildActionMask = 2147483647;
			files = (
				013A222E2088F66400C77316 /* MVCDemoUITests.m in Sources */,
			);
			runOnlyForDeploymentPostprocessing = 0;
		};
		013A223F2088F72400C77316 /* Sources */ = {
			isa = PBXSourcesBuildPhase;
			buildActionMask = 2147483647;
			files = (
				013A22CA208905C200C77316 /* DOCommodityPresenter.m in Sources */,
				013A227A2088F76700C77316 /* DORootVC.m in Sources */,
				013A22CD2089103400C77316 /* DOCommodityCellMVP.m in Sources */,
				013A22552088F72500C77316 /* main.m in Sources */,
				013A22472088F72400C77316 /* AppDelegate.m in Sources */,
				013A22C62089056B00C77316 /* DOCommodity.m in Sources */,
			);
			runOnlyForDeploymentPostprocessing = 0;
		};
		013A22562088F72500C77316 /* Sources */ = {
			isa = PBXSourcesBuildPhase;
			buildActionMask = 2147483647;
			files = (
				013A225F2088F72500C77316 /* MVPDemoTests.m in Sources */,
			);
			runOnlyForDeploymentPostprocessing = 0;
		};
		013A22612088F72500C77316 /* Sources */ = {
			isa = PBXSourcesBuildPhase;
			buildActionMask = 2147483647;
			files = (
				013A226A2088F72500C77316 /* MVPDemoUITests.m in Sources */,
			);
			runOnlyForDeploymentPostprocessing = 0;
		};
		013A227B2088F7CF00C77316 /* Sources */ = {
			isa = PBXSourcesBuildPhase;
			buildActionMask = 2147483647;
			files = (
				013A22B62088F7FB00C77316 /* DORootVC.m in Sources */,
				013A22912088F7CF00C77316 /* main.m in Sources */,
				013A22832088F7CF00C77316 /* AppDelegate.m in Sources */,
			);
			runOnlyForDeploymentPostprocessing = 0;
		};
		013A22922088F7CF00C77316 /* Sources */ = {
			isa = PBXSourcesBuildPhase;
			buildActionMask = 2147483647;
			files = (
				013A229B2088F7CF00C77316 /* MVVMDemoTests.m in Sources */,
			);
			runOnlyForDeploymentPostprocessing = 0;
		};
		013A229D2088F7CF00C77316 /* Sources */ = {
			isa = PBXSourcesBuildPhase;
			buildActionMask = 2147483647;
			files = (
				013A22A62088F7D000C77316 /* MVVMDemoUITests.m in Sources */,
			);
			runOnlyForDeploymentPostprocessing = 0;
		};
/* End PBXSourcesBuildPhase section */

/* Begin PBXTargetDependency section */
		013A21E22088F4EC00C77316 /* PBXTargetDependency */ = {
			isa = PBXTargetDependency;
			target = 013A21C72088F4EB00C77316 /* MVXPatternDemo */;
			targetProxy = 013A21E12088F4EC00C77316 /* PBXContainerItemProxy */;
		};
		013A21ED2088F4EC00C77316 /* PBXTargetDependency */ = {
			isa = PBXTargetDependency;
			target = 013A21C72088F4EB00C77316 /* MVXPatternDemo */;
			targetProxy = 013A21EC2088F4EC00C77316 /* PBXContainerItemProxy */;
		};
		013A22202088F66400C77316 /* PBXTargetDependency */ = {
			isa = PBXTargetDependency;
			target = 013A22062088F66300C77316 /* MVCDemo */;
			targetProxy = 013A221F2088F66400C77316 /* PBXContainerItemProxy */;
		};
		013A222B2088F66400C77316 /* PBXTargetDependency */ = {
			isa = PBXTargetDependency;
			target = 013A22062088F66300C77316 /* MVCDemo */;
			targetProxy = 013A222A2088F66400C77316 /* PBXContainerItemProxy */;
		};
		013A225C2088F72500C77316 /* PBXTargetDependency */ = {
			isa = PBXTargetDependency;
			target = 013A22422088F72400C77316 /* MVPDemo */;
			targetProxy = 013A225B2088F72500C77316 /* PBXContainerItemProxy */;
		};
		013A22672088F72500C77316 /* PBXTargetDependency */ = {
			isa = PBXTargetDependency;
			target = 013A22422088F72400C77316 /* MVPDemo */;
			targetProxy = 013A22662088F72500C77316 /* PBXContainerItemProxy */;
		};
		013A22982088F7CF00C77316 /* PBXTargetDependency */ = {
			isa = PBXTargetDependency;
			target = 013A227E2088F7CF00C77316 /* MVVMDemo */;
			targetProxy = 013A22972088F7CF00C77316 /* PBXContainerItemProxy */;
		};
		013A22A32088F7CF00C77316 /* PBXTargetDependency */ = {
			isa = PBXTargetDependency;
			target = 013A227E2088F7CF00C77316 /* MVVMDemo */;
			targetProxy = 013A22A22088F7CF00C77316 /* PBXContainerItemProxy */;
		};
/* End PBXTargetDependency section */

/* Begin PBXVariantGroup section */
		013A21D62088F4EC00C77316 /* LaunchScreen.storyboard */ = {
			isa = PBXVariantGroup;
			children = (
				013A21D72088F4EC00C77316 /* Base */,
			);
			name = LaunchScreen.storyboard;
			sourceTree = "<group>";
		};
		013A22142088F66400C77316 /* LaunchScreen.storyboard */ = {
			isa = PBXVariantGroup;
			children = (
				013A22152088F66400C77316 /* Base */,
			);
			name = LaunchScreen.storyboard;
			sourceTree = "<group>";
		};
		013A22502088F72400C77316 /* LaunchScreen.storyboard */ = {
			isa = PBXVariantGroup;
			children = (
				013A22512088F72400C77316 /* Base */,
			);
			name = LaunchScreen.storyboard;
			sourceTree = "<group>";
		};
		013A228C2088F7CF00C77316 /* LaunchScreen.storyboard */ = {
			isa = PBXVariantGroup;
			children = (
				013A228D2088F7CF00C77316 /* Base */,
			);
			name = LaunchScreen.storyboard;
			sourceTree = "<group>";
		};
/* End PBXVariantGroup section */

/* Begin XCBuildConfiguration section */
		013A21F22088F4EC00C77316 /* Debug */ = {
			isa = XCBuildConfiguration;
			buildSettings = {
				ALWAYS_SEARCH_USER_PATHS = NO;
				CLANG_ANALYZER_NONNULL = YES;
				CLANG_ANALYZER_NUMBER_OBJECT_CONVERSION = YES_AGGRESSIVE;
				CLANG_CXX_LANGUAGE_STANDARD = "gnu++14";
				CLANG_CXX_LIBRARY = "libc++";
				CLANG_ENABLE_MODULES = YES;
				CLANG_ENABLE_OBJC_ARC = YES;
				CLANG_ENABLE_OBJC_WEAK = YES;
				CLANG_WARN_BLOCK_CAPTURE_AUTORELEASING = YES;
				CLANG_WARN_BOOL_CONVERSION = YES;
				CLANG_WARN_COMMA = YES;
				CLANG_WARN_CONSTANT_CONVERSION = YES;
				CLANG_WARN_DEPRECATED_OBJC_IMPLEMENTATIONS = YES;
				CLANG_WARN_DIRECT_OBJC_ISA_USAGE = YES_ERROR;
				CLANG_WARN_DOCUMENTATION_COMMENTS = YES;
				CLANG_WARN_EMPTY_BODY = YES;
				CLANG_WARN_ENUM_CONVERSION = YES;
				CLANG_WARN_INFINITE_RECURSION = YES;
				CLANG_WARN_INT_CONVERSION = YES;
				CLANG_WARN_NON_LITERAL_NULL_CONVERSION = YES;
				CLANG_WARN_OBJC_IMPLICIT_RETAIN_SELF = YES;
				CLANG_WARN_OBJC_LITERAL_CONVERSION = YES;
				CLANG_WARN_OBJC_ROOT_CLASS = YES_ERROR;
				CLANG_WARN_RANGE_LOOP_ANALYSIS = YES;
				CLANG_WARN_STRICT_PROTOTYPES = YES;
				CLANG_WARN_SUSPICIOUS_MOVE = YES;
				CLANG_WARN_UNGUARDED_AVAILABILITY = YES_AGGRESSIVE;
				CLANG_WARN_UNREACHABLE_CODE = YES;
				CLANG_WARN__DUPLICATE_METHOD_MATCH = YES;
				CODE_SIGN_IDENTITY = "iPhone Developer";
				COPY_PHASE_STRIP = NO;
				DEBUG_INFORMATION_FORMAT = dwarf;
				ENABLE_STRICT_OBJC_MSGSEND = YES;
				ENABLE_TESTABILITY = YES;
				GCC_C_LANGUAGE_STANDARD = gnu11;
				GCC_DYNAMIC_NO_PIC = NO;
				GCC_NO_COMMON_BLOCKS = YES;
				GCC_OPTIMIZATION_LEVEL = 0;
				GCC_PREPROCESSOR_DEFINITIONS = (
					"DEBUG=1",
					"$(inherited)",
				);
				GCC_WARN_64_TO_32_BIT_CONVERSION = YES;
				GCC_WARN_ABOUT_RETURN_TYPE = YES_ERROR;
				GCC_WARN_UNDECLARED_SELECTOR = YES;
				GCC_WARN_UNINITIALIZED_AUTOS = YES_AGGRESSIVE;
				GCC_WARN_UNUSED_FUNCTION = YES;
				GCC_WARN_UNUSED_VARIABLE = YES;
				IPHONEOS_DEPLOYMENT_TARGET = 11.3;
				MTL_ENABLE_DEBUG_INFO = YES;
				ONLY_ACTIVE_ARCH = YES;
				SDKROOT = iphoneos;
			};
			name = Debug;
		};
		013A21F32088F4EC00C77316 /* Release */ = {
			isa = XCBuildConfiguration;
			buildSettings = {
				ALWAYS_SEARCH_USER_PATHS = NO;
				CLANG_ANALYZER_NONNULL = YES;
				CLANG_ANALYZER_NUMBER_OBJECT_CONVERSION = YES_AGGRESSIVE;
				CLANG_CXX_LANGUAGE_STANDARD = "gnu++14";
				CLANG_CXX_LIBRARY = "libc++";
				CLANG_ENABLE_MODULES = YES;
				CLANG_ENABLE_OBJC_ARC = YES;
				CLANG_ENABLE_OBJC_WEAK = YES;
				CLANG_WARN_BLOCK_CAPTURE_AUTORELEASING = YES;
				CLANG_WARN_BOOL_CONVERSION = YES;
				CLANG_WARN_COMMA = YES;
				CLANG_WARN_CONSTANT_CONVERSION = YES;
				CLANG_WARN_DEPRECATED_OBJC_IMPLEMENTATIONS = YES;
				CLANG_WARN_DIRECT_OBJC_ISA_USAGE = YES_ERROR;
				CLANG_WARN_DOCUMENTATION_COMMENTS = YES;
				CLANG_WARN_EMPTY_BODY = YES;
				CLANG_WARN_ENUM_CONVERSION = YES;
				CLANG_WARN_INFINITE_RECURSION = YES;
				CLANG_WARN_INT_CONVERSION = YES;
				CLANG_WARN_NON_LITERAL_NULL_CONVERSION = YES;
				CLANG_WARN_OBJC_IMPLICIT_RETAIN_SELF = YES;
				CLANG_WARN_OBJC_LITERAL_CONVERSION = YES;
				CLANG_WARN_OBJC_ROOT_CLASS = YES_ERROR;
				CLANG_WARN_RANGE_LOOP_ANALYSIS = YES;
				CLANG_WARN_STRICT_PROTOTYPES = YES;
				CLANG_WARN_SUSPICIOUS_MOVE = YES;
				CLANG_WARN_UNGUARDED_AVAILABILITY = YES_AGGRESSIVE;
				CLANG_WARN_UNREACHABLE_CODE = YES;
				CLANG_WARN__DUPLICATE_METHOD_MATCH = YES;
				CODE_SIGN_IDENTITY = "iPhone Developer";
				COPY_PHASE_STRIP = NO;
				DEBUG_INFORMATION_FORMAT = "dwarf-with-dsym";
				ENABLE_NS_ASSERTIONS = NO;
				ENABLE_STRICT_OBJC_MSGSEND = YES;
				GCC_C_LANGUAGE_STANDARD = gnu11;
				GCC_NO_COMMON_BLOCKS = YES;
				GCC_WARN_64_TO_32_BIT_CONVERSION = YES;
				GCC_WARN_ABOUT_RETURN_TYPE = YES_ERROR;
				GCC_WARN_UNDECLARED_SELECTOR = YES;
				GCC_WARN_UNINITIALIZED_AUTOS = YES_AGGRESSIVE;
				GCC_WARN_UNUSED_FUNCTION = YES;
				GCC_WARN_UNUSED_VARIABLE = YES;
				IPHONEOS_DEPLOYMENT_TARGET = 11.3;
				MTL_ENABLE_DEBUG_INFO = NO;
				SDKROOT = iphoneos;
				VALIDATE_PRODUCT = YES;
			};
			name = Release;
		};
		013A21F52088F4EC00C77316 /* Debug */ = {
			isa = XCBuildConfiguration;
			baseConfigurationReference = 915AEA68832C95A7624224CF /* Pods-MVXPatternDemo.debug.xcconfig */;
			buildSettings = {
				ASSETCATALOG_COMPILER_APPICON_NAME = AppIcon;
				CODE_SIGN_STYLE = Automatic;
				INFOPLIST_FILE = "$(SRCROOT)/MVXPatternDemo/Resources/Info.plist";
				LD_RUNPATH_SEARCH_PATHS = (
					"$(inherited)",
					"@executable_path/Frameworks",
				);
				PRODUCT_BUNDLE_IDENTIFIER = com.Dino.MVXPatternDemo;
				PRODUCT_NAME = "$(TARGET_NAME)";
				TARGETED_DEVICE_FAMILY = "1,2";
			};
			name = Debug;
		};
		013A21F62088F4EC00C77316 /* Release */ = {
			isa = XCBuildConfiguration;
			baseConfigurationReference = 437A4E299D7FB45600AE7AF6 /* Pods-MVXPatternDemo.release.xcconfig */;
			buildSettings = {
				ASSETCATALOG_COMPILER_APPICON_NAME = AppIcon;
				CODE_SIGN_STYLE = Automatic;
				INFOPLIST_FILE = "$(SRCROOT)/MVXPatternDemo/Resources/Info.plist";
				LD_RUNPATH_SEARCH_PATHS = (
					"$(inherited)",
					"@executable_path/Frameworks",
				);
				PRODUCT_BUNDLE_IDENTIFIER = com.Dino.MVXPatternDemo;
				PRODUCT_NAME = "$(TARGET_NAME)";
				TARGETED_DEVICE_FAMILY = "1,2";
			};
			name = Release;
		};
		013A21F82088F4EC00C77316 /* Debug */ = {
			isa = XCBuildConfiguration;
			buildSettings = {
				BUNDLE_LOADER = "$(TEST_HOST)";
				CODE_SIGN_STYLE = Automatic;
				INFOPLIST_FILE = MVXPatternDemoTests/Info.plist;
				LD_RUNPATH_SEARCH_PATHS = (
					"$(inherited)",
					"@executable_path/Frameworks",
					"@loader_path/Frameworks",
				);
				PRODUCT_BUNDLE_IDENTIFIER = com.Dino.MVXPatternDemoTests;
				PRODUCT_NAME = "$(TARGET_NAME)";
				TARGETED_DEVICE_FAMILY = "1,2";
				TEST_HOST = "$(BUILT_PRODUCTS_DIR)/MVXPatternDemo.app/MVXPatternDemo";
			};
			name = Debug;
		};
		013A21F92088F4EC00C77316 /* Release */ = {
			isa = XCBuildConfiguration;
			buildSettings = {
				BUNDLE_LOADER = "$(TEST_HOST)";
				CODE_SIGN_STYLE = Automatic;
				INFOPLIST_FILE = MVXPatternDemoTests/Info.plist;
				LD_RUNPATH_SEARCH_PATHS = (
					"$(inherited)",
					"@executable_path/Frameworks",
					"@loader_path/Frameworks",
				);
				PRODUCT_BUNDLE_IDENTIFIER = com.Dino.MVXPatternDemoTests;
				PRODUCT_NAME = "$(TARGET_NAME)";
				TARGETED_DEVICE_FAMILY = "1,2";
				TEST_HOST = "$(BUILT_PRODUCTS_DIR)/MVXPatternDemo.app/MVXPatternDemo";
			};
			name = Release;
		};
		013A21FB2088F4EC00C77316 /* Debug */ = {
			isa = XCBuildConfiguration;
			buildSettings = {
				CODE_SIGN_STYLE = Automatic;
				INFOPLIST_FILE = MVXPatternDemoUITests/Info.plist;
				LD_RUNPATH_SEARCH_PATHS = (
					"$(inherited)",
					"@executable_path/Frameworks",
					"@loader_path/Frameworks",
				);
				PRODUCT_BUNDLE_IDENTIFIER = com.Dino.MVXPatternDemoUITests;
				PRODUCT_NAME = "$(TARGET_NAME)";
				TARGETED_DEVICE_FAMILY = "1,2";
				TEST_TARGET_NAME = MVXPatternDemo;
			};
			name = Debug;
		};
		013A21FC2088F4EC00C77316 /* Release */ = {
			isa = XCBuildConfiguration;
			buildSettings = {
				CODE_SIGN_STYLE = Automatic;
				INFOPLIST_FILE = MVXPatternDemoUITests/Info.plist;
				LD_RUNPATH_SEARCH_PATHS = (
					"$(inherited)",
					"@executable_path/Frameworks",
					"@loader_path/Frameworks",
				);
				PRODUCT_BUNDLE_IDENTIFIER = com.Dino.MVXPatternDemoUITests;
				PRODUCT_NAME = "$(TARGET_NAME)";
				TARGETED_DEVICE_FAMILY = "1,2";
				TEST_TARGET_NAME = MVXPatternDemo;
			};
			name = Release;
		};
		013A22312088F66400C77316 /* Debug */ = {
			isa = XCBuildConfiguration;
			baseConfigurationReference = 3F71B7822F530F4EB5E0A495 /* Pods-MVCDemo.debug.xcconfig */;
			buildSettings = {
				ASSETCATALOG_COMPILER_APPICON_NAME = AppIcon;
				CODE_SIGN_STYLE = Automatic;
				INFOPLIST_FILE = "$(SRCROOT)/MVCDemo/Resources/Info.plist";
				LD_RUNPATH_SEARCH_PATHS = (
					"$(inherited)",
					"@executable_path/Frameworks",
				);
				PRODUCT_BUNDLE_IDENTIFIER = com.Dino.MVCDemo;
				PRODUCT_NAME = "$(TARGET_NAME)";
				TARGETED_DEVICE_FAMILY = "1,2";
			};
			name = Debug;
		};
		013A22322088F66400C77316 /* Release */ = {
			isa = XCBuildConfiguration;
			baseConfigurationReference = F94BD02ADC216AA23D53CF06 /* Pods-MVCDemo.release.xcconfig */;
			buildSettings = {
				ASSETCATALOG_COMPILER_APPICON_NAME = AppIcon;
				CODE_SIGN_STYLE = Automatic;
				INFOPLIST_FILE = "$(SRCROOT)/MVCDemo/Resources/Info.plist";
				LD_RUNPATH_SEARCH_PATHS = (
					"$(inherited)",
					"@executable_path/Frameworks",
				);
				PRODUCT_BUNDLE_IDENTIFIER = com.Dino.MVCDemo;
				PRODUCT_NAME = "$(TARGET_NAME)";
				TARGETED_DEVICE_FAMILY = "1,2";
			};
			name = Release;
		};
		013A22342088F66400C77316 /* Debug */ = {
			isa = XCBuildConfiguration;
			buildSettings = {
				BUNDLE_LOADER = "$(TEST_HOST)";
				CODE_SIGN_STYLE = Automatic;
				INFOPLIST_FILE = MVCDemoTests/Info.plist;
				LD_RUNPATH_SEARCH_PATHS = (
					"$(inherited)",
					"@executable_path/Frameworks",
					"@loader_path/Frameworks",
				);
				PRODUCT_BUNDLE_IDENTIFIER = com.Dino.MVCDemoTests;
				PRODUCT_NAME = "$(TARGET_NAME)";
				TARGETED_DEVICE_FAMILY = "1,2";
				TEST_HOST = "$(BUILT_PRODUCTS_DIR)/MVCDemo.app/MVCDemo";
			};
			name = Debug;
		};
		013A22352088F66400C77316 /* Release */ = {
			isa = XCBuildConfiguration;
			buildSettings = {
				BUNDLE_LOADER = "$(TEST_HOST)";
				CODE_SIGN_STYLE = Automatic;
				INFOPLIST_FILE = MVCDemoTests/Info.plist;
				LD_RUNPATH_SEARCH_PATHS = (
					"$(inherited)",
					"@executable_path/Frameworks",
					"@loader_path/Frameworks",
				);
				PRODUCT_BUNDLE_IDENTIFIER = com.Dino.MVCDemoTests;
				PRODUCT_NAME = "$(TARGET_NAME)";
				TARGETED_DEVICE_FAMILY = "1,2";
				TEST_HOST = "$(BUILT_PRODUCTS_DIR)/MVCDemo.app/MVCDemo";
			};
			name = Release;
		};
		013A22372088F66400C77316 /* Debug */ = {
			isa = XCBuildConfiguration;
			buildSettings = {
				CODE_SIGN_STYLE = Automatic;
				INFOPLIST_FILE = MVCDemoUITests/Info.plist;
				LD_RUNPATH_SEARCH_PATHS = (
					"$(inherited)",
					"@executable_path/Frameworks",
					"@loader_path/Frameworks",
				);
				PRODUCT_BUNDLE_IDENTIFIER = com.Dino.MVCDemoUITests;
				PRODUCT_NAME = "$(TARGET_NAME)";
				TARGETED_DEVICE_FAMILY = "1,2";
				TEST_TARGET_NAME = MVCDemo;
			};
			name = Debug;
		};
		013A22382088F66400C77316 /* Release */ = {
			isa = XCBuildConfiguration;
			buildSettings = {
				CODE_SIGN_STYLE = Automatic;
				INFOPLIST_FILE = MVCDemoUITests/Info.plist;
				LD_RUNPATH_SEARCH_PATHS = (
					"$(inherited)",
					"@executable_path/Frameworks",
					"@loader_path/Frameworks",
				);
				PRODUCT_BUNDLE_IDENTIFIER = com.Dino.MVCDemoUITests;
				PRODUCT_NAME = "$(TARGET_NAME)";
				TARGETED_DEVICE_FAMILY = "1,2";
				TEST_TARGET_NAME = MVCDemo;
			};
			name = Release;
		};
		013A226D2088F72500C77316 /* Debug */ = {
			isa = XCBuildConfiguration;
			baseConfigurationReference = 8D3A793D2855AE0A8EA6763B /* Pods-MVPDemo.debug.xcconfig */;
			buildSettings = {
				ASSETCATALOG_COMPILER_APPICON_NAME = AppIcon;
				CODE_SIGN_STYLE = Automatic;
				INFOPLIST_FILE = "$(SRCROOT)/MVPDemo/Resources/Info.plist";
				LD_RUNPATH_SEARCH_PATHS = (
					"$(inherited)",
					"@executable_path/Frameworks",
				);
				PRODUCT_BUNDLE_IDENTIFIER = com.Dino.MVPDemo;
				PRODUCT_NAME = "$(TARGET_NAME)";
				TARGETED_DEVICE_FAMILY = "1,2";
			};
			name = Debug;
		};
		013A226E2088F72500C77316 /* Release */ = {
			isa = XCBuildConfiguration;
			baseConfigurationReference = 8E6F87232BF548B7C2106EB2 /* Pods-MVPDemo.release.xcconfig */;
			buildSettings = {
				ASSETCATALOG_COMPILER_APPICON_NAME = AppIcon;
				CODE_SIGN_STYLE = Automatic;
				INFOPLIST_FILE = "$(SRCROOT)/MVPDemo/Resources/Info.plist";
				LD_RUNPATH_SEARCH_PATHS = (
					"$(inherited)",
					"@executable_path/Frameworks",
				);
				PRODUCT_BUNDLE_IDENTIFIER = com.Dino.MVPDemo;
				PRODUCT_NAME = "$(TARGET_NAME)";
				TARGETED_DEVICE_FAMILY = "1,2";
			};
			name = Release;
		};
		013A22702088F72500C77316 /* Debug */ = {
			isa = XCBuildConfiguration;
			buildSettings = {
				BUNDLE_LOADER = "$(TEST_HOST)";
				CODE_SIGN_STYLE = Automatic;
				INFOPLIST_FILE = MVPDemoTests/Info.plist;
				LD_RUNPATH_SEARCH_PATHS = (
					"$(inherited)",
					"@executable_path/Frameworks",
					"@loader_path/Frameworks",
				);
				PRODUCT_BUNDLE_IDENTIFIER = com.Dino.MVPDemoTests;
				PRODUCT_NAME = "$(TARGET_NAME)";
				TARGETED_DEVICE_FAMILY = "1,2";
				TEST_HOST = "$(BUILT_PRODUCTS_DIR)/MVPDemo.app/MVPDemo";
			};
			name = Debug;
		};
		013A22712088F72500C77316 /* Release */ = {
			isa = XCBuildConfiguration;
			buildSettings = {
				BUNDLE_LOADER = "$(TEST_HOST)";
				CODE_SIGN_STYLE = Automatic;
				INFOPLIST_FILE = MVPDemoTests/Info.plist;
				LD_RUNPATH_SEARCH_PATHS = (
					"$(inherited)",
					"@executable_path/Frameworks",
					"@loader_path/Frameworks",
				);
				PRODUCT_BUNDLE_IDENTIFIER = com.Dino.MVPDemoTests;
				PRODUCT_NAME = "$(TARGET_NAME)";
				TARGETED_DEVICE_FAMILY = "1,2";
				TEST_HOST = "$(BUILT_PRODUCTS_DIR)/MVPDemo.app/MVPDemo";
			};
			name = Release;
		};
		013A22732088F72500C77316 /* Debug */ = {
			isa = XCBuildConfiguration;
			buildSettings = {
				CODE_SIGN_STYLE = Automatic;
				INFOPLIST_FILE = MVPDemoUITests/Info.plist;
				LD_RUNPATH_SEARCH_PATHS = (
					"$(inherited)",
					"@executable_path/Frameworks",
					"@loader_path/Frameworks",
				);
				PRODUCT_BUNDLE_IDENTIFIER = com.Dino.MVPDemoUITests;
				PRODUCT_NAME = "$(TARGET_NAME)";
				TARGETED_DEVICE_FAMILY = "1,2";
				TEST_TARGET_NAME = MVPDemo;
			};
			name = Debug;
		};
		013A22742088F72500C77316 /* Release */ = {
			isa = XCBuildConfiguration;
			buildSettings = {
				CODE_SIGN_STYLE = Automatic;
				INFOPLIST_FILE = MVPDemoUITests/Info.plist;
				LD_RUNPATH_SEARCH_PATHS = (
					"$(inherited)",
					"@executable_path/Frameworks",
					"@loader_path/Frameworks",
				);
				PRODUCT_BUNDLE_IDENTIFIER = com.Dino.MVPDemoUITests;
				PRODUCT_NAME = "$(TARGET_NAME)";
				TARGETED_DEVICE_FAMILY = "1,2";
				TEST_TARGET_NAME = MVPDemo;
			};
			name = Release;
		};
		013A22A92088F7D000C77316 /* Debug */ = {
			isa = XCBuildConfiguration;
			baseConfigurationReference = 0982BF7C9B91DD7AB6758C0B /* Pods-MVVMDemo.debug.xcconfig */;
			buildSettings = {
				ASSETCATALOG_COMPILER_APPICON_NAME = AppIcon;
				CODE_SIGN_STYLE = Automatic;
				INFOPLIST_FILE = "$(SRCROOT)/MVVMDemo/Resources/Info.plist";
				LD_RUNPATH_SEARCH_PATHS = (
					"$(inherited)",
					"@executable_path/Frameworks",
				);
				PRODUCT_BUNDLE_IDENTIFIER = com.Dino.MVVMDemo;
				PRODUCT_NAME = "$(TARGET_NAME)";
				TARGETED_DEVICE_FAMILY = "1,2";
			};
			name = Debug;
		};
		013A22AA2088F7D000C77316 /* Release */ = {
			isa = XCBuildConfiguration;
			baseConfigurationReference = D5F64DC8799B14B61C7725FC /* Pods-MVVMDemo.release.xcconfig */;
			buildSettings = {
				ASSETCATALOG_COMPILER_APPICON_NAME = AppIcon;
				CODE_SIGN_STYLE = Automatic;
				INFOPLIST_FILE = "$(SRCROOT)/MVVMDemo/Resources/Info.plist";
				LD_RUNPATH_SEARCH_PATHS = (
					"$(inherited)",
					"@executable_path/Frameworks",
				);
				PRODUCT_BUNDLE_IDENTIFIER = com.Dino.MVVMDemo;
				PRODUCT_NAME = "$(TARGET_NAME)";
				TARGETED_DEVICE_FAMILY = "1,2";
			};
			name = Release;
		};
		013A22AC2088F7D000C77316 /* Debug */ = {
			isa = XCBuildConfiguration;
			buildSettings = {
				BUNDLE_LOADER = "$(TEST_HOST)";
				CODE_SIGN_STYLE = Automatic;
				INFOPLIST_FILE = MVVMDemoTests/Info.plist;
				LD_RUNPATH_SEARCH_PATHS = (
					"$(inherited)",
					"@executable_path/Frameworks",
					"@loader_path/Frameworks",
				);
				PRODUCT_BUNDLE_IDENTIFIER = com.Dino.MVVMDemoTests;
				PRODUCT_NAME = "$(TARGET_NAME)";
				TARGETED_DEVICE_FAMILY = "1,2";
				TEST_HOST = "$(BUILT_PRODUCTS_DIR)/MVVMDemo.app/MVVMDemo";
			};
			name = Debug;
		};
		013A22AD2088F7D000C77316 /* Release */ = {
			isa = XCBuildConfiguration;
			buildSettings = {
				BUNDLE_LOADER = "$(TEST_HOST)";
				CODE_SIGN_STYLE = Automatic;
				INFOPLIST_FILE = MVVMDemoTests/Info.plist;
				LD_RUNPATH_SEARCH_PATHS = (
					"$(inherited)",
					"@executable_path/Frameworks",
					"@loader_path/Frameworks",
				);
				PRODUCT_BUNDLE_IDENTIFIER = com.Dino.MVVMDemoTests;
				PRODUCT_NAME = "$(TARGET_NAME)";
				TARGETED_DEVICE_FAMILY = "1,2";
				TEST_HOST = "$(BUILT_PRODUCTS_DIR)/MVVMDemo.app/MVVMDemo";
			};
			name = Release;
		};
		013A22AF2088F7D000C77316 /* Debug */ = {
			isa = XCBuildConfiguration;
			buildSettings = {
				CODE_SIGN_STYLE = Automatic;
				INFOPLIST_FILE = MVVMDemoUITests/Info.plist;
				LD_RUNPATH_SEARCH_PATHS = (
					"$(inherited)",
					"@executable_path/Frameworks",
					"@loader_path/Frameworks",
				);
				PRODUCT_BUNDLE_IDENTIFIER = com.Dino.MVVMDemoUITests;
				PRODUCT_NAME = "$(TARGET_NAME)";
				TARGETED_DEVICE_FAMILY = "1,2";
				TEST_TARGET_NAME = MVVMDemo;
			};
			name = Debug;
		};
		013A22B02088F7D000C77316 /* Release */ = {
			isa = XCBuildConfiguration;
			buildSettings = {
				CODE_SIGN_STYLE = Automatic;
				INFOPLIST_FILE = MVVMDemoUITests/Info.plist;
				LD_RUNPATH_SEARCH_PATHS = (
					"$(inherited)",
					"@executable_path/Frameworks",
					"@loader_path/Frameworks",
				);
				PRODUCT_BUNDLE_IDENTIFIER = com.Dino.MVVMDemoUITests;
				PRODUCT_NAME = "$(TARGET_NAME)";
				TARGETED_DEVICE_FAMILY = "1,2";
				TEST_TARGET_NAME = MVVMDemo;
			};
			name = Release;
		};
/* End XCBuildConfiguration section */

/* Begin XCConfigurationList section */
		013A21C32088F4EB00C77316 /* Build configuration list for PBXProject "MVXPatternDemo" */ = {
			isa = XCConfigurationList;
			buildConfigurations = (
				013A21F22088F4EC00C77316 /* Debug */,
				013A21F32088F4EC00C77316 /* Release */,
			);
			defaultConfigurationIsVisible = 0;
			defaultConfigurationName = Release;
		};
		013A21F42088F4EC00C77316 /* Build configuration list for PBXNativeTarget "MVXPatternDemo" */ = {
			isa = XCConfigurationList;
			buildConfigurations = (
				013A21F52088F4EC00C77316 /* Debug */,
				013A21F62088F4EC00C77316 /* Release */,
			);
			defaultConfigurationIsVisible = 0;
			defaultConfigurationName = Release;
		};
		013A21F72088F4EC00C77316 /* Build configuration list for PBXNativeTarget "MVXPatternDemoTests" */ = {
			isa = XCConfigurationList;
			buildConfigurations = (
				013A21F82088F4EC00C77316 /* Debug */,
				013A21F92088F4EC00C77316 /* Release */,
			);
			defaultConfigurationIsVisible = 0;
			defaultConfigurationName = Release;
		};
		013A21FA2088F4EC00C77316 /* Build configuration list for PBXNativeTarget "MVXPatternDemoUITests" */ = {
			isa = XCConfigurationList;
			buildConfigurations = (
				013A21FB2088F4EC00C77316 /* Debug */,
				013A21FC2088F4EC00C77316 /* Release */,
			);
			defaultConfigurationIsVisible = 0;
			defaultConfigurationName = Release;
		};
		013A22302088F66400C77316 /* Build configuration list for PBXNativeTarget "MVCDemo" */ = {
			isa = XCConfigurationList;
			buildConfigurations = (
				013A22312088F66400C77316 /* Debug */,
				013A22322088F66400C77316 /* Release */,
			);
			defaultConfigurationIsVisible = 0;
			defaultConfigurationName = Release;
		};
		013A22332088F66400C77316 /* Build configuration list for PBXNativeTarget "MVCDemoTests" */ = {
			isa = XCConfigurationList;
			buildConfigurations = (
				013A22342088F66400C77316 /* Debug */,
				013A22352088F66400C77316 /* Release */,
			);
			defaultConfigurationIsVisible = 0;
			defaultConfigurationName = Release;
		};
		013A22362088F66400C77316 /* Build configuration list for PBXNativeTarget "MVCDemoUITests" */ = {
			isa = XCConfigurationList;
			buildConfigurations = (
				013A22372088F66400C77316 /* Debug */,
				013A22382088F66400C77316 /* Release */,
			);
			defaultConfigurationIsVisible = 0;
			defaultConfigurationName = Release;
		};
		013A226C2088F72500C77316 /* Build configuration list for PBXNativeTarget "MVPDemo" */ = {
			isa = XCConfigurationList;
			buildConfigurations = (
				013A226D2088F72500C77316 /* Debug */,
				013A226E2088F72500C77316 /* Release */,
			);
			defaultConfigurationIsVisible = 0;
			defaultConfigurationName = Release;
		};
		013A226F2088F72500C77316 /* Build configuration list for PBXNativeTarget "MVPDemoTests" */ = {
			isa = XCConfigurationList;
			buildConfigurations = (
				013A22702088F72500C77316 /* Debug */,
				013A22712088F72500C77316 /* Release */,
			);
			defaultConfigurationIsVisible = 0;
			defaultConfigurationName = Release;
		};
		013A22722088F72500C77316 /* Build configuration list for PBXNativeTarget "MVPDemoUITests" */ = {
			isa = XCConfigurationList;
			buildConfigurations = (
				013A22732088F72500C77316 /* Debug */,
				013A22742088F72500C77316 /* Release */,
			);
			defaultConfigurationIsVisible = 0;
			defaultConfigurationName = Release;
		};
		013A22A82088F7D000C77316 /* Build configuration list for PBXNativeTarget "MVVMDemo" */ = {
			isa = XCConfigurationList;
			buildConfigurations = (
				013A22A92088F7D000C77316 /* Debug */,
				013A22AA2088F7D000C77316 /* Release */,
			);
			defaultConfigurationIsVisible = 0;
			defaultConfigurationName = Release;
		};
		013A22AB2088F7D000C77316 /* Build configuration list for PBXNativeTarget "MVVMDemoTests" */ = {
			isa = XCConfigurationList;
			buildConfigurations = (
				013A22AC2088F7D000C77316 /* Debug */,
				013A22AD2088F7D000C77316 /* Release */,
			);
			defaultConfigurationIsVisible = 0;
			defaultConfigurationName = Release;
		};
		013A22AE2088F7D000C77316 /* Build configuration list for PBXNativeTarget "MVVMDemoUITests" */ = {
			isa = XCConfigurationList;
			buildConfigurations = (
				013A22AF2088F7D000C77316 /* Debug */,
				013A22B02088F7D000C77316 /* Release */,
			);
			defaultConfigurationIsVisible = 0;
			defaultConfigurationName = Release;
		};
/* End XCConfigurationList section */
	};
	rootObject = 013A21C02088F4EB00C77316 /* Project object */;
}
